// !$*UTF8*$!
{
	archiveVersion = 1;
	classes = {
	};
	objectVersion = 50;
	objects = {

/* Begin PBXBuildFile section */
		342BF26A245DD9EC004CD081 /* SecretCollection.swift in Sources */ = {isa = PBXBuildFile; fileRef = 342BF269245DD9EC004CD081 /* SecretCollection.swift */; };
		342BF26C245DDA19004CD081 /* CaricaImage.swift in Sources */ = {isa = PBXBuildFile; fileRef = 342BF26B245DDA19004CD081 /* CaricaImage.swift */; };
		342BF26E245DDA34004CD081 /* CollectionViewCell.swift in Sources */ = {isa = PBXBuildFile; fileRef = 342BF26D245DDA34004CD081 /* CollectionViewCell.swift */; };
		342BF2CC2460D006004CD081 /* CollectionViewCell1.swift in Sources */ = {isa = PBXBuildFile; fileRef = 342BF2CB2460D006004CD081 /* CollectionViewCell1.swift */; };
		342BF2CE2460D025004CD081 /* ViewControllerInitial.swift in Sources */ = {isa = PBXBuildFile; fileRef = 342BF2CD2460D025004CD081 /* ViewControllerInitial.swift */; };
		345F14CD24573808003EE819 /* AppDelegate.swift in Sources */ = {isa = PBXBuildFile; fileRef = 345F14CC24573808003EE819 /* AppDelegate.swift */; };
		345F14CF24573808003EE819 /* SceneDelegate.swift in Sources */ = {isa = PBXBuildFile; fileRef = 345F14CE24573808003EE819 /* SceneDelegate.swift */; };
		345F14D124573808003EE819 /* ViewController.swift in Sources */ = {isa = PBXBuildFile; fileRef = 345F14D024573808003EE819 /* ViewController.swift */; };
		345F14D424573808003EE819 /* Main.storyboard in Resources */ = {isa = PBXBuildFile; fileRef = 345F14D224573808003EE819 /* Main.storyboard */; };
		345F14D624573809003EE819 /* Assets.xcassets in Resources */ = {isa = PBXBuildFile; fileRef = 345F14D524573809003EE819 /* Assets.xcassets */; };
		345F14D924573809003EE819 /* LaunchScreen.storyboard in Resources */ = {isa = PBXBuildFile; fileRef = 345F14D724573809003EE819 /* LaunchScreen.storyboard */; };
		345F14E424573809003EE819 /* ScarTests.swift in Sources */ = {isa = PBXBuildFile; fileRef = 345F14E324573809003EE819 /* ScarTests.swift */; };
		345F14EF24573809003EE819 /* ScarUITests.swift in Sources */ = {isa = PBXBuildFile; fileRef = 345F14EE24573809003EE819 /* ScarUITests.swift */; };
		345F14FF24573819003EE819 /* CloudKit.framework in Frameworks */ = {isa = PBXBuildFile; fileRef = 345F14FE24573819003EE819 /* CloudKit.framework */; };
		345F15492459D5D9003EE819 /* WebKit.framework in Frameworks */ = {isa = PBXBuildFile; fileRef = 345F15482459D5D9003EE819 /* WebKit.framework */; };
		6B01C79A2461A7980040EA77 /* PrimaTutorial.swift in Sources */ = {isa = PBXBuildFile; fileRef = 6B01C7992461A7980040EA77 /* PrimaTutorial.swift */; };
		6B01C79C2461A7BC0040EA77 /* SecondaTutorial.swift in Sources */ = {isa = PBXBuildFile; fileRef = 6B01C79B2461A7BC0040EA77 /* SecondaTutorial.swift */; };
		6B01C79E2461A7D90040EA77 /* TerzaTutorial.swift in Sources */ = {isa = PBXBuildFile; fileRef = 6B01C79D2461A7D90040EA77 /* TerzaTutorial.swift */; };
		6BAD16A32464A53200859C79 /* Cella1.swift in Sources */ = {isa = PBXBuildFile; fileRef = 6BAD16A22464A53200859C79 /* Cella1.swift */; };
		6BAD16A52464A53A00859C79 /* Cella2.swift in Sources */ = {isa = PBXBuildFile; fileRef = 6BAD16A42464A53A00859C79 /* Cella2.swift */; };
		6BAD16A72464A54600859C79 /* Cella3.swift in Sources */ = {isa = PBXBuildFile; fileRef = 6BAD16A62464A54600859C79 /* Cella3.swift */; };
		764E605E2468384300F6BC07 /* Cera Pro Light.otf in Resources */ = {isa = PBXBuildFile; fileRef = 764E60522468384300F6BC07 /* Cera Pro Light.otf */; };
		764E605F2468384300F6BC07 /* Cera Pro Thin Italic.otf in Resources */ = {isa = PBXBuildFile; fileRef = 764E60532468384300F6BC07 /* Cera Pro Thin Italic.otf */; };
		764E60602468384300F6BC07 /* Cera Pro Regular Italic.otf in Resources */ = {isa = PBXBuildFile; fileRef = 764E60542468384300F6BC07 /* Cera Pro Regular Italic.otf */; };
		764E60612468384300F6BC07 /* Cera Pro Black Italic.otf in Resources */ = {isa = PBXBuildFile; fileRef = 764E60552468384300F6BC07 /* Cera Pro Black Italic.otf */; };
		764E60622468384300F6BC07 /* Cera Pro Regular.otf in Resources */ = {isa = PBXBuildFile; fileRef = 764E60562468384300F6BC07 /* Cera Pro Regular.otf */; };
		764E60632468384300F6BC07 /* Cera Pro Bold Italic.otf in Resources */ = {isa = PBXBuildFile; fileRef = 764E60572468384300F6BC07 /* Cera Pro Bold Italic.otf */; };
		764E60642468384300F6BC07 /* Cera Pro Bold.otf in Resources */ = {isa = PBXBuildFile; fileRef = 764E60582468384300F6BC07 /* Cera Pro Bold.otf */; };
		764E60652468384300F6BC07 /* Cera Pro Medium.otf in Resources */ = {isa = PBXBuildFile; fileRef = 764E60592468384300F6BC07 /* Cera Pro Medium.otf */; };
		764E60662468384300F6BC07 /* Cera Pro Medium Italic.otf in Resources */ = {isa = PBXBuildFile; fileRef = 764E605A2468384300F6BC07 /* Cera Pro Medium Italic.otf */; };
		764E60672468384300F6BC07 /* Cera Pro Thin.otf in Resources */ = {isa = PBXBuildFile; fileRef = 764E605B2468384300F6BC07 /* Cera Pro Thin.otf */; };
		764E60682468384300F6BC07 /* Cera Pro Light Italic.otf in Resources */ = {isa = PBXBuildFile; fileRef = 764E605C2468384300F6BC07 /* Cera Pro Light Italic.otf */; };
		764E60692468384300F6BC07 /* Cera Pro Black.otf in Resources */ = {isa = PBXBuildFile; fileRef = 764E605D2468384300F6BC07 /* Cera Pro Black.otf */; };
		7668C1402469D3960099FD11 /* Slide.swift in Sources */ = {isa = PBXBuildFile; fileRef = 7668C13E2469D3960099FD11 /* Slide.swift */; };
		7668C1412469D3960099FD11 /* Slide.xib in Resources */ = {isa = PBXBuildFile; fileRef = 7668C13F2469D3960099FD11 /* Slide.xib */; };
		76C13DE7245B255C00D1AE9F /* ChoosePalette.swift in Sources */ = {isa = PBXBuildFile; fileRef = 76C13DE6245B255C00D1AE9F /* ChoosePalette.swift */; };
		76C13DE9245B2B3100D1AE9F /* ChooseTexture.swift in Sources */ = {isa = PBXBuildFile; fileRef = 76C13DE8245B2B3100D1AE9F /* ChooseTexture.swift */; };
		76C13DEB245B2FAE00D1AE9F /* TakePicture.swift in Sources */ = {isa = PBXBuildFile; fileRef = 76C13DEA245B2FAE00D1AE9F /* TakePicture.swift */; };
		76C147232460242200DAD927 /* Schermata2.swift in Sources */ = {isa = PBXBuildFile; fileRef = 76C147222460242200DAD927 /* Schermata2.swift */; };
		76C14725246026BB00DAD927 /* AddInsights.swift in Sources */ = {isa = PBXBuildFile; fileRef = 76C14724246026BB00DAD927 /* AddInsights.swift */; };
		76C1472724603A2A00DAD927 /* InsightsCollection.swift in Sources */ = {isa = PBXBuildFile; fileRef = 76C1472624603A2A00DAD927 /* InsightsCollection.swift */; };
		76C7D47C2466F19C00E82414 /* TableViewActivity.swift in Sources */ = {isa = PBXBuildFile; fileRef = 76C7D47B2466F19C00E82414 /* TableViewActivity.swift */; };
		76CD0C292459C65800E9CA9B /* IstaPage.swift in Sources */ = {isa = PBXBuildFile; fileRef = 76CD0C282459C65800E9CA9B /* IstaPage.swift */; };
		76E9F0FE245B214B00D4921E /* ChooseShape2.swift in Sources */ = {isa = PBXBuildFile; fileRef = 76E9F0FC245B214B00D4921E /* ChooseShape2.swift */; };
		76E9F0FF245B214B00D4921E /* ChooseShape.swift in Sources */ = {isa = PBXBuildFile; fileRef = 76E9F0FD245B214B00D4921E /* ChooseShape.swift */; };
		76F08B39245DEE8C002A6F19 /* Schermata1.swift in Sources */ = {isa = PBXBuildFile; fileRef = 76F08B38245DEE8C002A6F19 /* Schermata1.swift */; };
		76F08B3B245DEFCC002A6F19 /* Password.swift in Sources */ = {isa = PBXBuildFile; fileRef = 76F08B3A245DEFCC002A6F19 /* Password.swift */; };
		76F08B3D245DF36F002A6F19 /* PostCollage.swift in Sources */ = {isa = PBXBuildFile; fileRef = 76F08B3C245DF36F002A6F19 /* PostCollage.swift */; };
		76F08B3F245DF433002A6F19 /* Schermata3.swift in Sources */ = {isa = PBXBuildFile; fileRef = 76F08B3E245DF433002A6F19 /* Schermata3.swift */; };
		76F08B41245DF8B2002A6F19 /* StepCollage.swift in Sources */ = {isa = PBXBuildFile; fileRef = 76F08B40245DF8B2002A6F19 /* StepCollage.swift */; };
		76F8FF152458AFDB00E50D7F /* Collage.swift in Sources */ = {isa = PBXBuildFile; fileRef = 76F8FF142458AFDB00E50D7F /* Collage.swift */; };
/* End PBXBuildFile section */

/* Begin PBXContainerItemProxy section */
		345F14E024573809003EE819 /* PBXContainerItemProxy */ = {
			isa = PBXContainerItemProxy;
			containerPortal = 345F14C124573808003EE819 /* Project object */;
			proxyType = 1;
			remoteGlobalIDString = 345F14C824573808003EE819;
			remoteInfo = Scar;
		};
		345F14EB24573809003EE819 /* PBXContainerItemProxy */ = {
			isa = PBXContainerItemProxy;
			containerPortal = 345F14C124573808003EE819 /* Project object */;
			proxyType = 1;
			remoteGlobalIDString = 345F14C824573808003EE819;
			remoteInfo = Scar;
		};
/* End PBXContainerItemProxy section */

/* Begin PBXFileReference section */
		342BF269245DD9EC004CD081 /* SecretCollection.swift */ = {isa = PBXFileReference; lastKnownFileType = sourcecode.swift; path = SecretCollection.swift; sourceTree = "<group>"; };
		342BF26B245DDA19004CD081 /* CaricaImage.swift */ = {isa = PBXFileReference; lastKnownFileType = sourcecode.swift; path = CaricaImage.swift; sourceTree = "<group>"; };
		342BF26D245DDA34004CD081 /* CollectionViewCell.swift */ = {isa = PBXFileReference; lastKnownFileType = sourcecode.swift; path = CollectionViewCell.swift; sourceTree = "<group>"; };
		342BF2CB2460D006004CD081 /* CollectionViewCell1.swift */ = {isa = PBXFileReference; lastKnownFileType = sourcecode.swift; path = CollectionViewCell1.swift; sourceTree = "<group>"; };
		342BF2CD2460D025004CD081 /* ViewControllerInitial.swift */ = {isa = PBXFileReference; lastKnownFileType = sourcecode.swift; path = ViewControllerInitial.swift; sourceTree = "<group>"; };
		345F14C924573808003EE819 /* Scar.app */ = {isa = PBXFileReference; explicitFileType = wrapper.application; includeInIndex = 0; path = Scar.app; sourceTree = BUILT_PRODUCTS_DIR; };
		345F14CC24573808003EE819 /* AppDelegate.swift */ = {isa = PBXFileReference; lastKnownFileType = sourcecode.swift; path = AppDelegate.swift; sourceTree = "<group>"; };
		345F14CE24573808003EE819 /* SceneDelegate.swift */ = {isa = PBXFileReference; lastKnownFileType = sourcecode.swift; path = SceneDelegate.swift; sourceTree = "<group>"; };
		345F14D024573808003EE819 /* ViewController.swift */ = {isa = PBXFileReference; lastKnownFileType = sourcecode.swift; path = ViewController.swift; sourceTree = "<group>"; };
		345F14D324573808003EE819 /* Base */ = {isa = PBXFileReference; lastKnownFileType = file.storyboard; name = Base; path = Base.lproj/Main.storyboard; sourceTree = "<group>"; };
		345F14D524573809003EE819 /* Assets.xcassets */ = {isa = PBXFileReference; lastKnownFileType = folder.assetcatalog; path = Assets.xcassets; sourceTree = "<group>"; };
		345F14D824573809003EE819 /* Base */ = {isa = PBXFileReference; lastKnownFileType = file.storyboard; name = Base; path = Base.lproj/LaunchScreen.storyboard; sourceTree = "<group>"; };
		345F14DA24573809003EE819 /* Info.plist */ = {isa = PBXFileReference; lastKnownFileType = text.plist.xml; path = Info.plist; sourceTree = "<group>"; };
		345F14DF24573809003EE819 /* ScarTests.xctest */ = {isa = PBXFileReference; explicitFileType = wrapper.cfbundle; includeInIndex = 0; path = ScarTests.xctest; sourceTree = BUILT_PRODUCTS_DIR; };
		345F14E324573809003EE819 /* ScarTests.swift */ = {isa = PBXFileReference; lastKnownFileType = sourcecode.swift; path = ScarTests.swift; sourceTree = "<group>"; };
		345F14E524573809003EE819 /* Info.plist */ = {isa = PBXFileReference; lastKnownFileType = text.plist.xml; path = Info.plist; sourceTree = "<group>"; };
		345F14EA24573809003EE819 /* ScarUITests.xctest */ = {isa = PBXFileReference; explicitFileType = wrapper.cfbundle; includeInIndex = 0; path = ScarUITests.xctest; sourceTree = BUILT_PRODUCTS_DIR; };
		345F14EE24573809003EE819 /* ScarUITests.swift */ = {isa = PBXFileReference; lastKnownFileType = sourcecode.swift; path = ScarUITests.swift; sourceTree = "<group>"; };
		345F14F024573809003EE819 /* Info.plist */ = {isa = PBXFileReference; lastKnownFileType = text.plist.xml; path = Info.plist; sourceTree = "<group>"; };
		345F14FC24573816003EE819 /* Scar.entitlements */ = {isa = PBXFileReference; lastKnownFileType = text.plist.entitlements; path = Scar.entitlements; sourceTree = "<group>"; };
		345F14FE24573819003EE819 /* CloudKit.framework */ = {isa = PBXFileReference; lastKnownFileType = wrapper.framework; name = CloudKit.framework; path = System/Library/Frameworks/CloudKit.framework; sourceTree = SDKROOT; };
		345F15482459D5D9003EE819 /* WebKit.framework */ = {isa = PBXFileReference; lastKnownFileType = wrapper.framework; name = WebKit.framework; path = System/Library/Frameworks/WebKit.framework; sourceTree = SDKROOT; };
		6B01C7992461A7980040EA77 /* PrimaTutorial.swift */ = {isa = PBXFileReference; lastKnownFileType = sourcecode.swift; path = PrimaTutorial.swift; sourceTree = "<group>"; };
		6B01C79B2461A7BC0040EA77 /* SecondaTutorial.swift */ = {isa = PBXFileReference; lastKnownFileType = sourcecode.swift; path = SecondaTutorial.swift; sourceTree = "<group>"; };
		6B01C79D2461A7D90040EA77 /* TerzaTutorial.swift */ = {isa = PBXFileReference; lastKnownFileType = sourcecode.swift; path = TerzaTutorial.swift; sourceTree = "<group>"; };
		6BAD16A22464A53200859C79 /* Cella1.swift */ = {isa = PBXFileReference; lastKnownFileType = sourcecode.swift; path = Cella1.swift; sourceTree = "<group>"; };
		6BAD16A42464A53A00859C79 /* Cella2.swift */ = {isa = PBXFileReference; lastKnownFileType = sourcecode.swift; path = Cella2.swift; sourceTree = "<group>"; };
		6BAD16A62464A54600859C79 /* Cella3.swift */ = {isa = PBXFileReference; lastKnownFileType = sourcecode.swift; path = Cella3.swift; sourceTree = "<group>"; };
		764E60522468384300F6BC07 /* Cera Pro Light.otf */ = {isa = PBXFileReference; lastKnownFileType = file; path = "Cera Pro Light.otf"; sourceTree = "<group>"; };
		764E60532468384300F6BC07 /* Cera Pro Thin Italic.otf */ = {isa = PBXFileReference; lastKnownFileType = file; path = "Cera Pro Thin Italic.otf"; sourceTree = "<group>"; };
		764E60542468384300F6BC07 /* Cera Pro Regular Italic.otf */ = {isa = PBXFileReference; lastKnownFileType = file; path = "Cera Pro Regular Italic.otf"; sourceTree = "<group>"; };
		764E60552468384300F6BC07 /* Cera Pro Black Italic.otf */ = {isa = PBXFileReference; lastKnownFileType = file; path = "Cera Pro Black Italic.otf"; sourceTree = "<group>"; };
		764E60562468384300F6BC07 /* Cera Pro Regular.otf */ = {isa = PBXFileReference; lastKnownFileType = file; path = "Cera Pro Regular.otf"; sourceTree = "<group>"; };
		764E60572468384300F6BC07 /* Cera Pro Bold Italic.otf */ = {isa = PBXFileReference; lastKnownFileType = file; path = "Cera Pro Bold Italic.otf"; sourceTree = "<group>"; };
		764E60582468384300F6BC07 /* Cera Pro Bold.otf */ = {isa = PBXFileReference; lastKnownFileType = file; path = "Cera Pro Bold.otf"; sourceTree = "<group>"; };
		764E60592468384300F6BC07 /* Cera Pro Medium.otf */ = {isa = PBXFileReference; lastKnownFileType = file; path = "Cera Pro Medium.otf"; sourceTree = "<group>"; };
		764E605A2468384300F6BC07 /* Cera Pro Medium Italic.otf */ = {isa = PBXFileReference; lastKnownFileType = file; path = "Cera Pro Medium Italic.otf"; sourceTree = "<group>"; };
		764E605B2468384300F6BC07 /* Cera Pro Thin.otf */ = {isa = PBXFileReference; lastKnownFileType = file; path = "Cera Pro Thin.otf"; sourceTree = "<group>"; };
		764E605C2468384300F6BC07 /* Cera Pro Light Italic.otf */ = {isa = PBXFileReference; lastKnownFileType = file; path = "Cera Pro Light Italic.otf"; sourceTree = "<group>"; };
		764E605D2468384300F6BC07 /* Cera Pro Black.otf */ = {isa = PBXFileReference; lastKnownFileType = file; path = "Cera Pro Black.otf"; sourceTree = "<group>"; };
		7668C13E2469D3960099FD11 /* Slide.swift */ = {isa = PBXFileReference; fileEncoding = 4; lastKnownFileType = sourcecode.swift; path = Slide.swift; sourceTree = "<group>"; };
		7668C13F2469D3960099FD11 /* Slide.xib */ = {isa = PBXFileReference; fileEncoding = 4; lastKnownFileType = file.xib; path = Slide.xib; sourceTree = "<group>"; };
		76C13DE6245B255C00D1AE9F /* ChoosePalette.swift */ = {isa = PBXFileReference; lastKnownFileType = sourcecode.swift; path = ChoosePalette.swift; sourceTree = "<group>"; };
		76C13DE8245B2B3100D1AE9F /* ChooseTexture.swift */ = {isa = PBXFileReference; lastKnownFileType = sourcecode.swift; path = ChooseTexture.swift; sourceTree = "<group>"; };
		76C13DEA245B2FAE00D1AE9F /* TakePicture.swift */ = {isa = PBXFileReference; lastKnownFileType = sourcecode.swift; path = TakePicture.swift; sourceTree = "<group>"; };
		76C147222460242200DAD927 /* Schermata2.swift */ = {isa = PBXFileReference; lastKnownFileType = sourcecode.swift; path = Schermata2.swift; sourceTree = "<group>"; };
		76C14724246026BB00DAD927 /* AddInsights.swift */ = {isa = PBXFileReference; lastKnownFileType = sourcecode.swift; path = AddInsights.swift; sourceTree = "<group>"; };
		76C1472624603A2A00DAD927 /* InsightsCollection.swift */ = {isa = PBXFileReference; lastKnownFileType = sourcecode.swift; path = InsightsCollection.swift; sourceTree = "<group>"; };
		76C7D47B2466F19C00E82414 /* TableViewActivity.swift */ = {isa = PBXFileReference; lastKnownFileType = sourcecode.swift; path = TableViewActivity.swift; sourceTree = "<group>"; };
		76CD0C282459C65800E9CA9B /* IstaPage.swift */ = {isa = PBXFileReference; lastKnownFileType = sourcecode.swift; path = IstaPage.swift; sourceTree = "<group>"; };
		76E9F0FC245B214B00D4921E /* ChooseShape2.swift */ = {isa = PBXFileReference; fileEncoding = 4; lastKnownFileType = sourcecode.swift; path = ChooseShape2.swift; sourceTree = "<group>"; };
		76E9F0FD245B214B00D4921E /* ChooseShape.swift */ = {isa = PBXFileReference; fileEncoding = 4; lastKnownFileType = sourcecode.swift; path = ChooseShape.swift; sourceTree = "<group>"; };
		76F08B38245DEE8C002A6F19 /* Schermata1.swift */ = {isa = PBXFileReference; lastKnownFileType = sourcecode.swift; path = Schermata1.swift; sourceTree = "<group>"; };
		76F08B3A245DEFCC002A6F19 /* Password.swift */ = {isa = PBXFileReference; lastKnownFileType = sourcecode.swift; path = Password.swift; sourceTree = "<group>"; };
		76F08B3C245DF36F002A6F19 /* PostCollage.swift */ = {isa = PBXFileReference; lastKnownFileType = sourcecode.swift; path = PostCollage.swift; sourceTree = "<group>"; };
		76F08B3E245DF433002A6F19 /* Schermata3.swift */ = {isa = PBXFileReference; lastKnownFileType = sourcecode.swift; path = Schermata3.swift; sourceTree = "<group>"; };
		76F08B40245DF8B2002A6F19 /* StepCollage.swift */ = {isa = PBXFileReference; lastKnownFileType = sourcecode.swift; path = StepCollage.swift; sourceTree = "<group>"; };
		76F8FF142458AFDB00E50D7F /* Collage.swift */ = {isa = PBXFileReference; lastKnownFileType = sourcecode.swift; path = Collage.swift; sourceTree = "<group>"; };
/* End PBXFileReference section */

/* Begin PBXFrameworksBuildPhase section */
		345F14C624573808003EE819 /* Frameworks */ = {
			isa = PBXFrameworksBuildPhase;
			buildActionMask = 2147483647;
			files = (
				345F15492459D5D9003EE819 /* WebKit.framework in Frameworks */,
				345F14FF24573819003EE819 /* CloudKit.framework in Frameworks */,
			);
			runOnlyForDeploymentPostprocessing = 0;
		};
		345F14DC24573809003EE819 /* Frameworks */ = {
			isa = PBXFrameworksBuildPhase;
			buildActionMask = 2147483647;
			files = (
			);
			runOnlyForDeploymentPostprocessing = 0;
		};
		345F14E724573809003EE819 /* Frameworks */ = {
			isa = PBXFrameworksBuildPhase;
			buildActionMask = 2147483647;
			files = (
			);
			runOnlyForDeploymentPostprocessing = 0;
		};
/* End PBXFrameworksBuildPhase section */

/* Begin PBXGroup section */
		345F14C024573808003EE819 = {
			isa = PBXGroup;
			children = (
				345F14CB24573808003EE819 /* Scar */,
				345F14E224573809003EE819 /* ScarTests */,
				345F14ED24573809003EE819 /* ScarUITests */,
				345F14CA24573808003EE819 /* Products */,
				345F14FD24573819003EE819 /* Frameworks */,
			);
			sourceTree = "<group>";
		};
		345F14CA24573808003EE819 /* Products */ = {
			isa = PBXGroup;
			children = (
				345F14C924573808003EE819 /* Scar.app */,
				345F14DF24573809003EE819 /* ScarTests.xctest */,
				345F14EA24573809003EE819 /* ScarUITests.xctest */,
			);
			name = Products;
			sourceTree = "<group>";
		};
		345F14CB24573808003EE819 /* Scar */ = {
			isa = PBXGroup;
			children = (
				345F14FC24573816003EE819 /* Scar.entitlements */,
				345F14CC24573808003EE819 /* AppDelegate.swift */,
				76C14724246026BB00DAD927 /* AddInsights.swift */,
				342BF2CB2460D006004CD081 /* CollectionViewCell1.swift */,
				76F8FF142458AFDB00E50D7F /* Collage.swift */,
				76E9F0FD245B214B00D4921E /* ChooseShape.swift */,
				76E9F0FC245B214B00D4921E /* ChooseShape2.swift */,
				76C13DE6245B255C00D1AE9F /* ChoosePalette.swift */,
				342BF26D245DDA34004CD081 /* CollectionViewCell.swift */,
				342BF26B245DDA19004CD081 /* CaricaImage.swift */,
				76C13DE8245B2B3100D1AE9F /* ChooseTexture.swift */,
				76CD0C282459C65800E9CA9B /* IstaPage.swift */,
				76C1472624603A2A00DAD927 /* InsightsCollection.swift */,
				76F08B3A245DEFCC002A6F19 /* Password.swift */,
				76F08B3C245DF36F002A6F19 /* PostCollage.swift */,
				345F14CE24573808003EE819 /* SceneDelegate.swift */,
				76F08B38245DEE8C002A6F19 /* Schermata1.swift */,
				76C147222460242200DAD927 /* Schermata2.swift */,
				76F08B3E245DF433002A6F19 /* Schermata3.swift */,
				342BF269245DD9EC004CD081 /* SecretCollection.swift */,
				76F08B40245DF8B2002A6F19 /* StepCollage.swift */,
				76C13DEA245B2FAE00D1AE9F /* TakePicture.swift */,
				342BF2CD2460D025004CD081 /* ViewControllerInitial.swift */,
				345F14D024573808003EE819 /* ViewController.swift */,
				6B01C7992461A7980040EA77 /* PrimaTutorial.swift */,
				6B01C79B2461A7BC0040EA77 /* SecondaTutorial.swift */,
				76C7D47B2466F19C00E82414 /* TableViewActivity.swift */,
				6B01C79D2461A7D90040EA77 /* TerzaTutorial.swift */,
				6BAD16A22464A53200859C79 /* Cella1.swift */,
				6BAD16A42464A53A00859C79 /* Cella2.swift */,
				6BAD16A62464A54600859C79 /* Cella3.swift */,
				345F14D224573808003EE819 /* Main.storyboard */,
				345F14D724573809003EE819 /* LaunchScreen.storyboard */,
				345F14DA24573809003EE819 /* Info.plist */,
				345F14D524573809003EE819 /* Assets.xcassets */,
				7668C13D2469D3960099FD11 /* views */,
				764E60512468384300F6BC07 /* Cera Pro */,
			);
			path = Scar;
			sourceTree = "<group>";
		};
		345F14E224573809003EE819 /* ScarTests */ = {
			isa = PBXGroup;
			children = (
				345F14E324573809003EE819 /* ScarTests.swift */,
				345F14E524573809003EE819 /* Info.plist */,
			);
			path = ScarTests;
			sourceTree = "<group>";
		};
		345F14ED24573809003EE819 /* ScarUITests */ = {
			isa = PBXGroup;
			children = (
				345F14EE24573809003EE819 /* ScarUITests.swift */,
				345F14F024573809003EE819 /* Info.plist */,
			);
			path = ScarUITests;
			sourceTree = "<group>";
		};
		345F14FD24573819003EE819 /* Frameworks */ = {
			isa = PBXGroup;
			children = (
				345F15482459D5D9003EE819 /* WebKit.framework */,
				345F14FE24573819003EE819 /* CloudKit.framework */,
			);
			name = Frameworks;
			sourceTree = "<group>";
		};
		764E60512468384300F6BC07 /* Cera Pro */ = {
			isa = PBXGroup;
			children = (
				764E60522468384300F6BC07 /* Cera Pro Light.otf */,
				764E60532468384300F6BC07 /* Cera Pro Thin Italic.otf */,
				764E60542468384300F6BC07 /* Cera Pro Regular Italic.otf */,
				764E60552468384300F6BC07 /* Cera Pro Black Italic.otf */,
				764E60562468384300F6BC07 /* Cera Pro Regular.otf */,
				764E60572468384300F6BC07 /* Cera Pro Bold Italic.otf */,
				764E60582468384300F6BC07 /* Cera Pro Bold.otf */,
				764E60592468384300F6BC07 /* Cera Pro Medium.otf */,
				764E605A2468384300F6BC07 /* Cera Pro Medium Italic.otf */,
				764E605B2468384300F6BC07 /* Cera Pro Thin.otf */,
				764E605C2468384300F6BC07 /* Cera Pro Light Italic.otf */,
				764E605D2468384300F6BC07 /* Cera Pro Black.otf */,
			);
			path = "Cera Pro";
			sourceTree = "<group>";
		};
		7668C13D2469D3960099FD11 /* views */ = {
			isa = PBXGroup;
			children = (
				7668C13E2469D3960099FD11 /* Slide.swift */,
				7668C13F2469D3960099FD11 /* Slide.xib */,
			);
			path = views;
			sourceTree = "<group>";
		};
/* End PBXGroup section */

/* Begin PBXNativeTarget section */
		345F14C824573808003EE819 /* Scar */ = {
			isa = PBXNativeTarget;
			buildConfigurationList = 345F14F32457380A003EE819 /* Build configuration list for PBXNativeTarget "Scar" */;
			buildPhases = (
				345F14C524573808003EE819 /* Sources */,
				345F14C624573808003EE819 /* Frameworks */,
				345F14C724573808003EE819 /* Resources */,
			);
			buildRules = (
			);
			dependencies = (
			);
			name = Scar;
			productName = Scar;
			productReference = 345F14C924573808003EE819 /* Scar.app */;
			productType = "com.apple.product-type.application";
		};
		345F14DE24573809003EE819 /* ScarTests */ = {
			isa = PBXNativeTarget;
			buildConfigurationList = 345F14F62457380A003EE819 /* Build configuration list for PBXNativeTarget "ScarTests" */;
			buildPhases = (
				345F14DB24573809003EE819 /* Sources */,
				345F14DC24573809003EE819 /* Frameworks */,
				345F14DD24573809003EE819 /* Resources */,
			);
			buildRules = (
			);
			dependencies = (
				345F14E124573809003EE819 /* PBXTargetDependency */,
			);
			name = ScarTests;
			productName = ScarTests;
			productReference = 345F14DF24573809003EE819 /* ScarTests.xctest */;
			productType = "com.apple.product-type.bundle.unit-test";
		};
		345F14E924573809003EE819 /* ScarUITests */ = {
			isa = PBXNativeTarget;
			buildConfigurationList = 345F14F92457380A003EE819 /* Build configuration list for PBXNativeTarget "ScarUITests" */;
			buildPhases = (
				345F14E624573809003EE819 /* Sources */,
				345F14E724573809003EE819 /* Frameworks */,
				345F14E824573809003EE819 /* Resources */,
			);
			buildRules = (
			);
			dependencies = (
				345F14EC24573809003EE819 /* PBXTargetDependency */,
			);
			name = ScarUITests;
			productName = ScarUITests;
			productReference = 345F14EA24573809003EE819 /* ScarUITests.xctest */;
			productType = "com.apple.product-type.bundle.ui-testing";
		};
/* End PBXNativeTarget section */

/* Begin PBXProject section */
		345F14C124573808003EE819 /* Project object */ = {
			isa = PBXProject;
			attributes = {
				LastSwiftUpdateCheck = 1140;
				LastUpgradeCheck = 1140;
				ORGANIZATIONNAME = "Mattia Cardone";
				TargetAttributes = {
					345F14C824573808003EE819 = {
						CreatedOnToolsVersion = 11.4;
					};
					345F14DE24573809003EE819 = {
						CreatedOnToolsVersion = 11.4;
						TestTargetID = 345F14C824573808003EE819;
					};
					345F14E924573809003EE819 = {
						CreatedOnToolsVersion = 11.4;
						TestTargetID = 345F14C824573808003EE819;
					};
				};
			};
			buildConfigurationList = 345F14C424573808003EE819 /* Build configuration list for PBXProject "Scar" */;
			compatibilityVersion = "Xcode 9.3";
			developmentRegion = en;
			hasScannedForEncodings = 0;
			knownRegions = (
				en,
				Base,
			);
			mainGroup = 345F14C024573808003EE819;
			productRefGroup = 345F14CA24573808003EE819 /* Products */;
			projectDirPath = "";
			projectRoot = "";
			targets = (
				345F14C824573808003EE819 /* Scar */,
				345F14DE24573809003EE819 /* ScarTests */,
				345F14E924573809003EE819 /* ScarUITests */,
			);
		};
/* End PBXProject section */

/* Begin PBXResourcesBuildPhase section */
		345F14C724573808003EE819 /* Resources */ = {
			isa = PBXResourcesBuildPhase;
			buildActionMask = 2147483647;
			files = (
				764E605F2468384300F6BC07 /* Cera Pro Thin Italic.otf in Resources */,
				345F14D924573809003EE819 /* LaunchScreen.storyboard in Resources */,
				764E605E2468384300F6BC07 /* Cera Pro Light.otf in Resources */,
				764E60662468384300F6BC07 /* Cera Pro Medium Italic.otf in Resources */,
				764E60622468384300F6BC07 /* Cera Pro Regular.otf in Resources */,
				764E60602468384300F6BC07 /* Cera Pro Regular Italic.otf in Resources */,
				764E60612468384300F6BC07 /* Cera Pro Black Italic.otf in Resources */,
				764E60632468384300F6BC07 /* Cera Pro Bold Italic.otf in Resources */,
				764E60652468384300F6BC07 /* Cera Pro Medium.otf in Resources */,
				345F14D624573809003EE819 /* Assets.xcassets in Resources */,
				764E60692468384300F6BC07 /* Cera Pro Black.otf in Resources */,
				7668C1412469D3960099FD11 /* Slide.xib in Resources */,
				764E60642468384300F6BC07 /* Cera Pro Bold.otf in Resources */,
				345F14D424573808003EE819 /* Main.storyboard in Resources */,
				764E60672468384300F6BC07 /* Cera Pro Thin.otf in Resources */,
				764E60682468384300F6BC07 /* Cera Pro Light Italic.otf in Resources */,
			);
			runOnlyForDeploymentPostprocessing = 0;
		};
		345F14DD24573809003EE819 /* Resources */ = {
			isa = PBXResourcesBuildPhase;
			buildActionMask = 2147483647;
			files = (
			);
			runOnlyForDeploymentPostprocessing = 0;
		};
		345F14E824573809003EE819 /* Resources */ = {
			isa = PBXResourcesBuildPhase;
			buildActionMask = 2147483647;
			files = (
			);
			runOnlyForDeploymentPostprocessing = 0;
		};
/* End PBXResourcesBuildPhase section */

/* Begin PBXSourcesBuildPhase section */
		345F14C524573808003EE819 /* Sources */ = {
			isa = PBXSourcesBuildPhase;
			buildActionMask = 2147483647;
			files = (
				76E9F0FF245B214B00D4921E /* ChooseShape.swift in Sources */,
				76F08B41245DF8B2002A6F19 /* StepCollage.swift in Sources */,
				6BAD16A32464A53200859C79 /* Cella1.swift in Sources */,
				76C14725246026BB00DAD927 /* AddInsights.swift in Sources */,
				76CD0C292459C65800E9CA9B /* IstaPage.swift in Sources */,
				6B01C79E2461A7D90040EA77 /* TerzaTutorial.swift in Sources */,
				6BAD16A52464A53A00859C79 /* Cella2.swift in Sources */,
				342BF2CC2460D006004CD081 /* CollectionViewCell1.swift in Sources */,
				342BF26C245DDA19004CD081 /* CaricaImage.swift in Sources */,
				76F08B3B245DEFCC002A6F19 /* Password.swift in Sources */,
				6BAD16A72464A54600859C79 /* Cella3.swift in Sources */,
				342BF2CE2460D025004CD081 /* ViewControllerInitial.swift in Sources */,
				345F14D124573808003EE819 /* ViewController.swift in Sources */,
				76C1472724603A2A00DAD927 /* InsightsCollection.swift in Sources */,
				76C13DEB245B2FAE00D1AE9F /* TakePicture.swift in Sources */,
				6B01C79A2461A7980040EA77 /* PrimaTutorial.swift in Sources */,
				345F14CD24573808003EE819 /* AppDelegate.swift in Sources */,
				76F08B39245DEE8C002A6F19 /* Schermata1.swift in Sources */,
				76C7D47C2466F19C00E82414 /* TableViewActivity.swift in Sources */,
				345F14CF24573808003EE819 /* SceneDelegate.swift in Sources */,
				76F08B3D245DF36F002A6F19 /* PostCollage.swift in Sources */,
				76C147232460242200DAD927 /* Schermata2.swift in Sources */,
				76F08B3F245DF433002A6F19 /* Schermata3.swift in Sources */,
				6B01C79C2461A7BC0040EA77 /* SecondaTutorial.swift in Sources */,
				76C13DE9245B2B3100D1AE9F /* ChooseTexture.swift in Sources */,
				342BF26E245DDA34004CD081 /* CollectionViewCell.swift in Sources */,
				342BF26A245DD9EC004CD081 /* SecretCollection.swift in Sources */,
				76F8FF152458AFDB00E50D7F /* Collage.swift in Sources */,
				76C13DE7245B255C00D1AE9F /* ChoosePalette.swift in Sources */,
				7668C1402469D3960099FD11 /* Slide.swift in Sources */,
				76E9F0FE245B214B00D4921E /* ChooseShape2.swift in Sources */,
			);
			runOnlyForDeploymentPostprocessing = 0;
		};
		345F14DB24573809003EE819 /* Sources */ = {
			isa = PBXSourcesBuildPhase;
			buildActionMask = 2147483647;
			files = (
				345F14E424573809003EE819 /* ScarTests.swift in Sources */,
			);
			runOnlyForDeploymentPostprocessing = 0;
		};
		345F14E624573809003EE819 /* Sources */ = {
			isa = PBXSourcesBuildPhase;
			buildActionMask = 2147483647;
			files = (
				345F14EF24573809003EE819 /* ScarUITests.swift in Sources */,
			);
			runOnlyForDeploymentPostprocessing = 0;
		};
/* End PBXSourcesBuildPhase section */

/* Begin PBXTargetDependency section */
		345F14E124573809003EE819 /* PBXTargetDependency */ = {
			isa = PBXTargetDependency;
			target = 345F14C824573808003EE819 /* Scar */;
			targetProxy = 345F14E024573809003EE819 /* PBXContainerItemProxy */;
		};
		345F14EC24573809003EE819 /* PBXTargetDependency */ = {
			isa = PBXTargetDependency;
			target = 345F14C824573808003EE819 /* Scar */;
			targetProxy = 345F14EB24573809003EE819 /* PBXContainerItemProxy */;
		};
/* End PBXTargetDependency section */

/* Begin PBXVariantGroup section */
		345F14D224573808003EE819 /* Main.storyboard */ = {
			isa = PBXVariantGroup;
			children = (
				345F14D324573808003EE819 /* Base */,
			);
			name = Main.storyboard;
			sourceTree = "<group>";
		};
		345F14D724573809003EE819 /* LaunchScreen.storyboard */ = {
			isa = PBXVariantGroup;
			children = (
				345F14D824573809003EE819 /* Base */,
			);
			name = LaunchScreen.storyboard;
			sourceTree = "<group>";
		};
/* End PBXVariantGroup section */

/* Begin XCBuildConfiguration section */
		345F14F12457380A003EE819 /* Debug */ = {
			isa = XCBuildConfiguration;
			buildSettings = {
				ALWAYS_SEARCH_USER_PATHS = NO;
				CLANG_ANALYZER_NONNULL = YES;
				CLANG_ANALYZER_NUMBER_OBJECT_CONVERSION = YES_AGGRESSIVE;
				CLANG_CXX_LANGUAGE_STANDARD = "gnu++14";
				CLANG_CXX_LIBRARY = "libc++";
				CLANG_ENABLE_MODULES = YES;
				CLANG_ENABLE_OBJC_ARC = YES;
				CLANG_ENABLE_OBJC_WEAK = YES;
				CLANG_WARN_BLOCK_CAPTURE_AUTORELEASING = YES;
				CLANG_WARN_BOOL_CONVERSION = YES;
				CLANG_WARN_COMMA = YES;
				CLANG_WARN_CONSTANT_CONVERSION = YES;
				CLANG_WARN_DEPRECATED_OBJC_IMPLEMENTATIONS = YES;
				CLANG_WARN_DIRECT_OBJC_ISA_USAGE = YES_ERROR;
				CLANG_WARN_DOCUMENTATION_COMMENTS = YES;
				CLANG_WARN_EMPTY_BODY = YES;
				CLANG_WARN_ENUM_CONVERSION = YES;
				CLANG_WARN_INFINITE_RECURSION = YES;
				CLANG_WARN_INT_CONVERSION = YES;
				CLANG_WARN_NON_LITERAL_NULL_CONVERSION = YES;
				CLANG_WARN_OBJC_IMPLICIT_RETAIN_SELF = YES;
				CLANG_WARN_OBJC_LITERAL_CONVERSION = YES;
				CLANG_WARN_OBJC_ROOT_CLASS = YES_ERROR;
				CLANG_WARN_RANGE_LOOP_ANALYSIS = YES;
				CLANG_WARN_STRICT_PROTOTYPES = YES;
				CLANG_WARN_SUSPICIOUS_MOVE = YES;
				CLANG_WARN_UNGUARDED_AVAILABILITY = YES_AGGRESSIVE;
				CLANG_WARN_UNREACHABLE_CODE = YES;
				CLANG_WARN__DUPLICATE_METHOD_MATCH = YES;
				COPY_PHASE_STRIP = NO;
				DEBUG_INFORMATION_FORMAT = dwarf;
				ENABLE_STRICT_OBJC_MSGSEND = YES;
				ENABLE_TESTABILITY = YES;
				GCC_C_LANGUAGE_STANDARD = gnu11;
				GCC_DYNAMIC_NO_PIC = NO;
				GCC_NO_COMMON_BLOCKS = YES;
				GCC_OPTIMIZATION_LEVEL = 0;
				GCC_PREPROCESSOR_DEFINITIONS = (
					"DEBUG=1",
					"$(inherited)",
				);
				GCC_WARN_64_TO_32_BIT_CONVERSION = YES;
				GCC_WARN_ABOUT_RETURN_TYPE = YES_ERROR;
				GCC_WARN_UNDECLARED_SELECTOR = YES;
				GCC_WARN_UNINITIALIZED_AUTOS = YES_AGGRESSIVE;
				GCC_WARN_UNUSED_FUNCTION = YES;
				GCC_WARN_UNUSED_VARIABLE = YES;
				IPHONEOS_DEPLOYMENT_TARGET = 13.4;
				MTL_ENABLE_DEBUG_INFO = INCLUDE_SOURCE;
				MTL_FAST_MATH = YES;
				ONLY_ACTIVE_ARCH = YES;
				SDKROOT = iphoneos;
				SWIFT_ACTIVE_COMPILATION_CONDITIONS = DEBUG;
				SWIFT_OPTIMIZATION_LEVEL = "-Onone";
			};
			name = Debug;
		};
		345F14F22457380A003EE819 /* Release */ = {
			isa = XCBuildConfiguration;
			buildSettings = {
				ALWAYS_SEARCH_USER_PATHS = NO;
				CLANG_ANALYZER_NONNULL = YES;
				CLANG_ANALYZER_NUMBER_OBJECT_CONVERSION = YES_AGGRESSIVE;
				CLANG_CXX_LANGUAGE_STANDARD = "gnu++14";
				CLANG_CXX_LIBRARY = "libc++";
				CLANG_ENABLE_MODULES = YES;
				CLANG_ENABLE_OBJC_ARC = YES;
				CLANG_ENABLE_OBJC_WEAK = YES;
				CLANG_WARN_BLOCK_CAPTURE_AUTORELEASING = YES;
				CLANG_WARN_BOOL_CONVERSION = YES;
				CLANG_WARN_COMMA = YES;
				CLANG_WARN_CONSTANT_CONVERSION = YES;
				CLANG_WARN_DEPRECATED_OBJC_IMPLEMENTATIONS = YES;
				CLANG_WARN_DIRECT_OBJC_ISA_USAGE = YES_ERROR;
				CLANG_WARN_DOCUMENTATION_COMMENTS = YES;
				CLANG_WARN_EMPTY_BODY = YES;
				CLANG_WARN_ENUM_CONVERSION = YES;
				CLANG_WARN_INFINITE_RECURSION = YES;
				CLANG_WARN_INT_CONVERSION = YES;
				CLANG_WARN_NON_LITERAL_NULL_CONVERSION = YES;
				CLANG_WARN_OBJC_IMPLICIT_RETAIN_SELF = YES;
				CLANG_WARN_OBJC_LITERAL_CONVERSION = YES;
				CLANG_WARN_OBJC_ROOT_CLASS = YES_ERROR;
				CLANG_WARN_RANGE_LOOP_ANALYSIS = YES;
				CLANG_WARN_STRICT_PROTOTYPES = YES;
				CLANG_WARN_SUSPICIOUS_MOVE = YES;
				CLANG_WARN_UNGUARDED_AVAILABILITY = YES_AGGRESSIVE;
				CLANG_WARN_UNREACHABLE_CODE = YES;
				CLANG_WARN__DUPLICATE_METHOD_MATCH = YES;
				COPY_PHASE_STRIP = NO;
				DEBUG_INFORMATION_FORMAT = "dwarf-with-dsym";
				ENABLE_NS_ASSERTIONS = NO;
				ENABLE_STRICT_OBJC_MSGSEND = YES;
				GCC_C_LANGUAGE_STANDARD = gnu11;
				GCC_NO_COMMON_BLOCKS = YES;
				GCC_WARN_64_TO_32_BIT_CONVERSION = YES;
				GCC_WARN_ABOUT_RETURN_TYPE = YES_ERROR;
				GCC_WARN_UNDECLARED_SELECTOR = YES;
				GCC_WARN_UNINITIALIZED_AUTOS = YES_AGGRESSIVE;
				GCC_WARN_UNUSED_FUNCTION = YES;
				GCC_WARN_UNUSED_VARIABLE = YES;
				IPHONEOS_DEPLOYMENT_TARGET = 13.4;
				MTL_ENABLE_DEBUG_INFO = NO;
				MTL_FAST_MATH = YES;
				SDKROOT = iphoneos;
				SWIFT_COMPILATION_MODE = wholemodule;
				SWIFT_OPTIMIZATION_LEVEL = "-O";
				VALIDATE_PRODUCT = YES;
			};
			name = Release;
		};
		345F14F42457380A003EE819 /* Debug */ = {
			isa = XCBuildConfiguration;
			buildSettings = {
				ASSETCATALOG_COMPILER_APPICON_NAME = AppIcon;
				CODE_SIGN_ENTITLEMENTS = Scar/Scar.entitlements;
				CODE_SIGN_STYLE = Automatic;
				CURRENT_PROJECT_VERSION = 10;
				DEVELOPMENT_TEAM = RL6WJW484U;
				INFOPLIST_FILE = Scar/Info.plist;
				IPHONEOS_DEPLOYMENT_TARGET = 13.1;
				LD_RUNPATH_SEARCH_PATHS = (
					"$(inherited)",
					"@executable_path/Frameworks",
				);
				PRODUCT_BUNDLE_IDENTIFIER = com.coders.uragans.Scar;
				PRODUCT_NAME = "$(TARGET_NAME)";
				SWIFT_VERSION = 5.0;
				TARGETED_DEVICE_FAMILY = "1,2";
			};
			name = Debug;
		};
		345F14F52457380A003EE819 /* Release */ = {
			isa = XCBuildConfiguration;
			buildSettings = {
				ASSETCATALOG_COMPILER_APPICON_NAME = AppIcon;
				CODE_SIGN_ENTITLEMENTS = Scar/Scar.entitlements;
				CODE_SIGN_STYLE = Automatic;
				CURRENT_PROJECT_VERSION = 10;
				DEVELOPMENT_TEAM = RL6WJW484U;
				INFOPLIST_FILE = Scar/Info.plist;
				IPHONEOS_DEPLOYMENT_TARGET = 13.1;
				LD_RUNPATH_SEARCH_PATHS = (
					"$(inherited)",
					"@executable_path/Frameworks",
				);
				PRODUCT_BUNDLE_IDENTIFIER = com.coders.uragans.Scar;
				PRODUCT_NAME = "$(TARGET_NAME)";
				SWIFT_VERSION = 5.0;
				TARGETED_DEVICE_FAMILY = "1,2";
			};
			name = Release;
		};
		345F14F72457380A003EE819 /* Debug */ = {
			isa = XCBuildConfiguration;
			buildSettings = {
				ALWAYS_EMBED_SWIFT_STANDARD_LIBRARIES = YES;
				BUNDLE_LOADER = "$(TEST_HOST)";
				CODE_SIGN_STYLE = Automatic;
				DEVELOPMENT_TEAM = RL6WJW484U;
				INFOPLIST_FILE = ScarTests/Info.plist;
				IPHONEOS_DEPLOYMENT_TARGET = 13.4;
				LD_RUNPATH_SEARCH_PATHS = (
					"$(inherited)",
					"@executable_path/Frameworks",
					"@loader_path/Frameworks",
				);
				PRODUCT_BUNDLE_IDENTIFIER = com.app.ScarTests;
				PRODUCT_NAME = "$(TARGET_NAME)";
				SWIFT_VERSION = 5.0;
				TARGETED_DEVICE_FAMILY = "1,2";
				TEST_HOST = "$(BUILT_PRODUCTS_DIR)/Scar.app/Scar";
			};
			name = Debug;
		};
		345F14F82457380A003EE819 /* Release */ = {
			isa = XCBuildConfiguration;
			buildSettings = {
				ALWAYS_EMBED_SWIFT_STANDARD_LIBRARIES = YES;
				BUNDLE_LOADER = "$(TEST_HOST)";
				CODE_SIGN_STYLE = Automatic;
				DEVELOPMENT_TEAM = RL6WJW484U;
				INFOPLIST_FILE = ScarTests/Info.plist;
				IPHONEOS_DEPLOYMENT_TARGET = 13.4;
				LD_RUNPATH_SEARCH_PATHS = (
					"$(inherited)",
					"@executable_path/Frameworks",
					"@loader_path/Frameworks",
				);
				PRODUCT_BUNDLE_IDENTIFIER = com.app.ScarTests;
				PRODUCT_NAME = "$(TARGET_NAME)";
				SWIFT_VERSION = 5.0;
				TARGETED_DEVICE_FAMILY = "1,2";
				TEST_HOST = "$(BUILT_PRODUCTS_DIR)/Scar.app/Scar";
			};
			name = Release;
		};
		345F14FA2457380A003EE819 /* Debug */ = {
			isa = XCBuildConfiguration;
			buildSettings = {
				ALWAYS_EMBED_SWIFT_STANDARD_LIBRARIES = YES;
				CODE_SIGN_STYLE = Automatic;
				DEVELOPMENT_TEAM = RL6WJW484U;
				INFOPLIST_FILE = ScarUITests/Info.plist;
				LD_RUNPATH_SEARCH_PATHS = (
					"$(inherited)",
					"@executable_path/Frameworks",
					"@loader_path/Frameworks",
				);
				PRODUCT_BUNDLE_IDENTIFIER = com.app.ScarUITests;
				PRODUCT_NAME = "$(TARGET_NAME)";
				SWIFT_VERSION = 5.0;
				TARGETED_DEVICE_FAMILY = "1,2";
				TEST_TARGET_NAME = Scar;
			};
			name = Debug;
		};
		345F14FB2457380A003EE819 /* Release */ = {
			isa = XCBuildConfiguration;
			buildSettings = {
				ALWAYS_EMBED_SWIFT_STANDARD_LIBRARIES = YES;
				CODE_SIGN_STYLE = Automatic;
				DEVELOPMENT_TEAM = RL6WJW484U;
				INFOPLIST_FILE = ScarUITests/Info.plist;
				LD_RUNPATH_SEARCH_PATHS = (
					"$(inherited)",
					"@executable_path/Frameworks",
					"@loader_path/Frameworks",
				);
				PRODUCT_BUNDLE_IDENTIFIER = com.app.ScarUITests;
				PRODUCT_NAME = "$(TARGET_NAME)";
				SWIFT_VERSION = 5.0;
				TARGETED_DEVICE_FAMILY = "1,2";
				TEST_TARGET_NAME = Scar;
			};
			name = Release;
		};
/* End XCBuildConfiguration section */

/* Begin XCConfigurationList section */
		345F14C424573808003EE819 /* Build configuration list for PBXProject "Scar" */ = {
			isa = XCConfigurationList;
			buildConfigurations = (
				345F14F12457380A003EE819 /* Debug */,
				345F14F22457380A003EE819 /* Release */,
			);
			defaultConfigurationIsVisible = 0;
			defaultConfigurationName = Release;
		};
		345F14F32457380A003EE819 /* Build configuration list for PBXNativeTarget "Scar" */ = {
			isa = XCConfigurationList;
			buildConfigurations = (
				345F14F42457380A003EE819 /* Debug */,
				345F14F52457380A003EE819 /* Release */,
			);
			defaultConfigurationIsVisible = 0;
			defaultConfigurationName = Release;
		};
		345F14F62457380A003EE819 /* Build configuration list for PBXNativeTarget "ScarTests" */ = {
			isa = XCConfigurationList;
			buildConfigurations = (
				345F14F72457380A003EE819 /* Debug */,
				345F14F82457380A003EE819 /* Release */,
			);
			defaultConfigurationIsVisible = 0;
			defaultConfigurationName = Release;
		};
		345F14F92457380A003EE819 /* Build configuration list for PBXNativeTarget "ScarUITests" */ = {
			isa = XCConfigurationList;
			buildConfigurations = (
				345F14FA2457380A003EE819 /* Debug */,
				345F14FB2457380A003EE819 /* Release */,
			);
			defaultConfigurationIsVisible = 0;
			defaultConfigurationName = Release;
		};
/* End XCConfigurationList section */
	};
	rootObject = 345F14C124573808003EE819 /* Project object */;
}
