// !$*UTF8*$!
{
	archiveVersion = 1;
	classes = {
	};
	objectVersion = 51;
	objects = {

/* Begin PBXBuildFile section */
		342BF26A245DD9EC004CD081 /* SecretCollection.swift in Sources */ = {isa = PBXBuildFile; fileRef = 342BF269245DD9EC004CD081 /* SecretCollection.swift */; };
		342BF26C245DDA19004CD081 /* CaricaImage.swift in Sources */ = {isa = PBXBuildFile; fileRef = 342BF26B245DDA19004CD081 /* CaricaImage.swift */; };
		342BF26E245DDA34004CD081 /* CollectionViewCell.swift in Sources */ = {isa = PBXBuildFile; fileRef = 342BF26D245DDA34004CD081 /* CollectionViewCell.swift */; };
		342BF2CC2460D006004CD081 /* CollectionViewCell1.swift in Sources */ = {isa = PBXBuildFile; fileRef = 342BF2CB2460D006004CD081 /* CollectionViewCell1.swift */; };
		342BF2CE2460D025004CD081 /* ViewControllerInitial.swift in Sources */ = {isa = PBXBuildFile; fileRef = 342BF2CD2460D025004CD081 /* ViewControllerInitial.swift */; };
		345F14CD24573808003EE819 /* AppDelegate.swift in Sources */ = {isa = PBXBuildFile; fileRef = 345F14CC24573808003EE819 /* AppDelegate.swift */; };
		345F14CF24573808003EE819 /* SceneDelegate.swift in Sources */ = {isa = PBXBuildFile; fileRef = 345F14CE24573808003EE819 /* SceneDelegate.swift */; };
		345F14D124573808003EE819 /* ViewController.swift in Sources */ = {isa = PBXBuildFile; fileRef = 345F14D024573808003EE819 /* ViewController.swift */; };
		345F14D424573808003EE819 /* Main.storyboard in Resources */ = {isa = PBXBuildFile; fileRef = 345F14D224573808003EE819 /* Main.storyboard */; };
		345F14D624573809003EE819 /* Assets.xcassets in Resources */ = {isa = PBXBuildFile; fileRef = 345F14D524573809003EE819 /* Assets.xcassets */; };
		345F14D924573809003EE819 /* LaunchScreen.storyboard in Resources */ = {isa = PBXBuildFile; fileRef = 345F14D724573809003EE819 /* LaunchScreen.storyboard */; };
		345F14E424573809003EE819 /* ScarTests.swift in Sources */ = {isa = PBXBuildFile; fileRef = 345F14E324573809003EE819 /* ScarTests.swift */; };
		345F14EF24573809003EE819 /* ScarUITests.swift in Sources */ = {isa = PBXBuildFile; fileRef = 345F14EE24573809003EE819 /* ScarUITests.swift */; };
		345F14FF24573819003EE819 /* CloudKit.framework in Frameworks */ = {isa = PBXBuildFile; fileRef = 345F14FE24573819003EE819 /* CloudKit.framework */; };
		345F15492459D5D9003EE819 /* WebKit.framework in Frameworks */ = {isa = PBXBuildFile; fileRef = 345F15482459D5D9003EE819 /* WebKit.framework */; };
		34BABE4A24991F20004D795C /* Poppins-Black.ttf in Resources */ = {isa = PBXBuildFile; fileRef = 34BABE3824991F1B004D795C /* Poppins-Black.ttf */; };
		34BABE4B24991F20004D795C /* Poppins-MediumItalic.ttf in Resources */ = {isa = PBXBuildFile; fileRef = 34BABE3924991F1B004D795C /* Poppins-MediumItalic.ttf */; };
		34BABE4C24991F20004D795C /* Poppins-Bold.ttf in Resources */ = {isa = PBXBuildFile; fileRef = 34BABE3A24991F1B004D795C /* Poppins-Bold.ttf */; };
		34BABE4D24991F21004D795C /* Poppins-ExtraBoldItalic.ttf in Resources */ = {isa = PBXBuildFile; fileRef = 34BABE3B24991F1C004D795C /* Poppins-ExtraBoldItalic.ttf */; };
		34BABE4E24991F21004D795C /* Poppins-BlackItalic.ttf in Resources */ = {isa = PBXBuildFile; fileRef = 34BABE3C24991F1C004D795C /* Poppins-BlackItalic.ttf */; };
		34BABE4F24991F21004D795C /* Poppins-LightItalic.ttf in Resources */ = {isa = PBXBuildFile; fileRef = 34BABE3D24991F1C004D795C /* Poppins-LightItalic.ttf */; };
		34BABE5024991F21004D795C /* Poppins-ExtraLightItalic.ttf in Resources */ = {isa = PBXBuildFile; fileRef = 34BABE3E24991F1D004D795C /* Poppins-ExtraLightItalic.ttf */; };
		34BABE5124991F21004D795C /* Poppins-SemiBold.ttf in Resources */ = {isa = PBXBuildFile; fileRef = 34BABE3F24991F1D004D795C /* Poppins-SemiBold.ttf */; };
		34BABE5224991F21004D795C /* Poppins-Light.ttf in Resources */ = {isa = PBXBuildFile; fileRef = 34BABE4024991F1D004D795C /* Poppins-Light.ttf */; };
		34BABE5324991F21004D795C /* Poppins-SemiBoldItalic.ttf in Resources */ = {isa = PBXBuildFile; fileRef = 34BABE4124991F1E004D795C /* Poppins-SemiBoldItalic.ttf */; };
		34BABE5424991F21004D795C /* Poppins-BoldItalic.ttf in Resources */ = {isa = PBXBuildFile; fileRef = 34BABE4224991F1E004D795C /* Poppins-BoldItalic.ttf */; };
		34BABE5524991F21004D795C /* Poppins-ExtraLight.ttf in Resources */ = {isa = PBXBuildFile; fileRef = 34BABE4324991F1E004D795C /* Poppins-ExtraLight.ttf */; };
		34BABE5624991F21004D795C /* Poppins-Thin.ttf in Resources */ = {isa = PBXBuildFile; fileRef = 34BABE4424991F1F004D795C /* Poppins-Thin.ttf */; };
		34BABE5724991F21004D795C /* Poppins-ExtraBold.ttf in Resources */ = {isa = PBXBuildFile; fileRef = 34BABE4524991F1F004D795C /* Poppins-ExtraBold.ttf */; };
		34BABE5824991F21004D795C /* Poppins-Italic.ttf in Resources */ = {isa = PBXBuildFile; fileRef = 34BABE4624991F1F004D795C /* Poppins-Italic.ttf */; };
		34BABE5924991F21004D795C /* Poppins-Regular.ttf in Resources */ = {isa = PBXBuildFile; fileRef = 34BABE4724991F20004D795C /* Poppins-Regular.ttf */; };
		34BABE5A24991F21004D795C /* Poppins-ThinItalic.ttf in Resources */ = {isa = PBXBuildFile; fileRef = 34BABE4824991F20004D795C /* Poppins-ThinItalic.ttf */; };
		34BABE5B24991F21004D795C /* Poppins-Medium.ttf in Resources */ = {isa = PBXBuildFile; fileRef = 34BABE4924991F20004D795C /* Poppins-Medium.ttf */; };
		34ECF3FE249CF8B3005DA9D3 /* Roboto-Bold.ttf in Resources */ = {isa = PBXBuildFile; fileRef = 34ECF3F2249CF8B2005DA9D3 /* Roboto-Bold.ttf */; };
		34ECF3FF249CF8B3005DA9D3 /* Roboto-Medium.ttf in Resources */ = {isa = PBXBuildFile; fileRef = 34ECF3F3249CF8B2005DA9D3 /* Roboto-Medium.ttf */; };
		34ECF400249CF8B3005DA9D3 /* Roboto-BoldItalic.ttf in Resources */ = {isa = PBXBuildFile; fileRef = 34ECF3F4249CF8B2005DA9D3 /* Roboto-BoldItalic.ttf */; };
		34ECF401249CF8B3005DA9D3 /* Roboto-LightItalic.ttf in Resources */ = {isa = PBXBuildFile; fileRef = 34ECF3F5249CF8B2005DA9D3 /* Roboto-LightItalic.ttf */; };
		34ECF402249CF8B3005DA9D3 /* Roboto-MediumItalic.ttf in Resources */ = {isa = PBXBuildFile; fileRef = 34ECF3F6249CF8B2005DA9D3 /* Roboto-MediumItalic.ttf */; };
		34ECF403249CF8B3005DA9D3 /* Roboto-Black.ttf in Resources */ = {isa = PBXBuildFile; fileRef = 34ECF3F7249CF8B3005DA9D3 /* Roboto-Black.ttf */; };
		34ECF404249CF8B3005DA9D3 /* Roboto-Thin.ttf in Resources */ = {isa = PBXBuildFile; fileRef = 34ECF3F8249CF8B3005DA9D3 /* Roboto-Thin.ttf */; };
		34ECF405249CF8B3005DA9D3 /* Roboto-ThinItalic.ttf in Resources */ = {isa = PBXBuildFile; fileRef = 34ECF3F9249CF8B3005DA9D3 /* Roboto-ThinItalic.ttf */; };
		34ECF406249CF8B3005DA9D3 /* Roboto-Regular.ttf in Resources */ = {isa = PBXBuildFile; fileRef = 34ECF3FA249CF8B3005DA9D3 /* Roboto-Regular.ttf */; };
		34ECF407249CF8B3005DA9D3 /* Roboto-Italic.ttf in Resources */ = {isa = PBXBuildFile; fileRef = 34ECF3FB249CF8B3005DA9D3 /* Roboto-Italic.ttf */; };
		34ECF408249CF8B3005DA9D3 /* Roboto-BlackItalic.ttf in Resources */ = {isa = PBXBuildFile; fileRef = 34ECF3FC249CF8B3005DA9D3 /* Roboto-BlackItalic.ttf */; };
		34ECF409249CF8B3005DA9D3 /* Roboto-Light.ttf in Resources */ = {isa = PBXBuildFile; fileRef = 34ECF3FD249CF8B3005DA9D3 /* Roboto-Light.ttf */; };
		6B01C79A2461A7980040EA77 /* PrimaTutorial.swift in Sources */ = {isa = PBXBuildFile; fileRef = 6B01C7992461A7980040EA77 /* PrimaTutorial.swift */; };
		6B01C79C2461A7BC0040EA77 /* SecondaTutorial.swift in Sources */ = {isa = PBXBuildFile; fileRef = 6B01C79B2461A7BC0040EA77 /* SecondaTutorial.swift */; };
		6B29F0B3247D21A6008B8D49 /* SharePage.swift in Sources */ = {isa = PBXBuildFile; fileRef = 6B29F0B2247D21A6008B8D49 /* SharePage.swift */; };
		6B29F0B524816C44008B8D49 /* GenerateAgain.swift in Sources */ = {isa = PBXBuildFile; fileRef = 6B29F0B424816C44008B8D49 /* GenerateAgain.swift */; };
		6BA9C37D24890AC8006AA395 /* launch.swift in Sources */ = {isa = PBXBuildFile; fileRef = 6BA9C37C24890AC8006AA395 /* launch.swift */; };
		6BA9C37F24890B94006AA395 /* TimelineAnimated.gif in Resources */ = {isa = PBXBuildFile; fileRef = 6BA9C37E24890B94006AA395 /* TimelineAnimated.gif */; };
		6BAD16A32464A53200859C79 /* Cella1.swift in Sources */ = {isa = PBXBuildFile; fileRef = 6BAD16A22464A53200859C79 /* Cella1.swift */; };
		6BAD16A52464A53A00859C79 /* Cella2.swift in Sources */ = {isa = PBXBuildFile; fileRef = 6BAD16A42464A53A00859C79 /* Cella2.swift */; };
		6BAD16A72464A54600859C79 /* Cella3.swift in Sources */ = {isa = PBXBuildFile; fileRef = 6BAD16A62464A54600859C79 /* Cella3.swift */; };
		7607122F24793C9E00B29C2C /* ReachabilityManager.swift in Sources */ = {isa = PBXBuildFile; fileRef = 7607122B24793C9E00B29C2C /* ReachabilityManager.swift */; };
		7607123024793C9E00B29C2C /* Network.swift in Sources */ = {isa = PBXBuildFile; fileRef = 7607122C24793C9E00B29C2C /* Network.swift */; };
		7607123124793C9E00B29C2C /* MovieAPI.swift in Sources */ = {isa = PBXBuildFile; fileRef = 7607122D24793C9E00B29C2C /* MovieAPI.swift */; };
		7607123224793C9E00B29C2C /* ModelMapperHelper.swift in Sources */ = {isa = PBXBuildFile; fileRef = 7607122E24793C9E00B29C2C /* ModelMapperHelper.swift */; };
		7607123424793FE900B29C2C /* Movie.swift in Sources */ = {isa = PBXBuildFile; fileRef = 7607123324793FE900B29C2C /* Movie.swift */; };
		764B4DD0248FE86600F1C784 /* NexaTextDemo-Light.ttf in Resources */ = {isa = PBXBuildFile; fileRef = 764B4DCB248FE83F00F1C784 /* NexaTextDemo-Light.ttf */; };
		764B4DD1248FE86800F1C784 /* Nexa Bold.otf in Resources */ = {isa = PBXBuildFile; fileRef = 764B4DCC248FE83F00F1C784 /* Nexa Bold.otf */; };
		764B4DD2248FE86C00F1C784 /* Nexa W01 Heavy.otf in Resources */ = {isa = PBXBuildFile; fileRef = 764B4DCD248FE83F00F1C784 /* Nexa W01 Heavy.otf */; };
		764B4DD3248FE86E00F1C784 /* Nexa Light.otf in Resources */ = {isa = PBXBuildFile; fileRef = 764B4DCE248FE83F00F1C784 /* Nexa Light.otf */; };
		765310F6249E4A4900D318DE /* ITA.swift in Sources */ = {isa = PBXBuildFile; fileRef = 765310F5249E4A4900D318DE /* ITA.swift */; };
		765310F8249E4A9700D318DE /* ENG.swift in Sources */ = {isa = PBXBuildFile; fileRef = 765310F7249E4A9700D318DE /* ENG.swift */; };
		7653A5872482C40000948C83 /* UIImage+Gif.swift in Sources */ = {isa = PBXBuildFile; fileRef = 7653A5862482C40000948C83 /* UIImage+Gif.swift */; };
		7668C1402469D3960099FD11 /* Slide.swift in Sources */ = {isa = PBXBuildFile; fileRef = 7668C13E2469D3960099FD11 /* Slide.swift */; };
		7668C1412469D3960099FD11 /* Slide.xib in Resources */ = {isa = PBXBuildFile; fileRef = 7668C13F2469D3960099FD11 /* Slide.xib */; };
		76C13DE7245B255C00D1AE9F /* ChoosePalette.swift in Sources */ = {isa = PBXBuildFile; fileRef = 76C13DE6245B255C00D1AE9F /* ChoosePalette.swift */; };
		76C13DE9245B2B3100D1AE9F /* ChooseTexture.swift in Sources */ = {isa = PBXBuildFile; fileRef = 76C13DE8245B2B3100D1AE9F /* ChooseTexture.swift */; };
		76C13DEB245B2FAE00D1AE9F /* TakePicture.swift in Sources */ = {isa = PBXBuildFile; fileRef = 76C13DEA245B2FAE00D1AE9F /* TakePicture.swift */; };
		76C147232460242200DAD927 /* Schermata2.swift in Sources */ = {isa = PBXBuildFile; fileRef = 76C147222460242200DAD927 /* Schermata2.swift */; };
		76C14725246026BB00DAD927 /* AddInsights.swift in Sources */ = {isa = PBXBuildFile; fileRef = 76C14724246026BB00DAD927 /* AddInsights.swift */; };
		76C1472724603A2A00DAD927 /* InsightsCollection.swift in Sources */ = {isa = PBXBuildFile; fileRef = 76C1472624603A2A00DAD927 /* InsightsCollection.swift */; };
		76C7D47C2466F19C00E82414 /* TableViewActivity.swift in Sources */ = {isa = PBXBuildFile; fileRef = 76C7D47B2466F19C00E82414 /* TableViewActivity.swift */; };
		76DDE178247EA54200A2C651 /* FooterCollectionView.swift in Sources */ = {isa = PBXBuildFile; fileRef = 76DDE177247EA54200A2C651 /* FooterCollectionView.swift */; };
		76E9F0FE245B214B00D4921E /* ChooseShape2.swift in Sources */ = {isa = PBXBuildFile; fileRef = 76E9F0FC245B214B00D4921E /* ChooseShape2.swift */; };
		76E9F0FF245B214B00D4921E /* ChooseShape.swift in Sources */ = {isa = PBXBuildFile; fileRef = 76E9F0FD245B214B00D4921E /* ChooseShape.swift */; };
		76F08B39245DEE8C002A6F19 /* Schermata1.swift in Sources */ = {isa = PBXBuildFile; fileRef = 76F08B38245DEE8C002A6F19 /* Schermata1.swift */; };
		76F08B3B245DEFCC002A6F19 /* Password.swift in Sources */ = {isa = PBXBuildFile; fileRef = 76F08B3A245DEFCC002A6F19 /* Password.swift */; };
		76F08B3D245DF36F002A6F19 /* PostCollage.swift in Sources */ = {isa = PBXBuildFile; fileRef = 76F08B3C245DF36F002A6F19 /* PostCollage.swift */; };
		76F08B41245DF8B2002A6F19 /* StepCollage.swift in Sources */ = {isa = PBXBuildFile; fileRef = 76F08B40245DF8B2002A6F19 /* StepCollage.swift */; };
		76F8FF152458AFDB00E50D7F /* Collage.swift in Sources */ = {isa = PBXBuildFile; fileRef = 76F8FF142458AFDB00E50D7F /* Collage.swift */; };
		F1C4AB5024BDCE8F24FA5D87 /* Pods_Scar.framework in Frameworks */ = {isa = PBXBuildFile; fileRef = 5850DD5C17BD4E16DFDBE827 /* Pods_Scar.framework */; };
/* End PBXBuildFile section */

/* Begin PBXContainerItemProxy section */
		345F14E024573809003EE819 /* PBXContainerItemProxy */ = {
			isa = PBXContainerItemProxy;
			containerPortal = 345F14C124573808003EE819 /* Project object */;
			proxyType = 1;
			remoteGlobalIDString = 345F14C824573808003EE819;
			remoteInfo = Scar;
		};
		345F14EB24573809003EE819 /* PBXContainerItemProxy */ = {
			isa = PBXContainerItemProxy;
			containerPortal = 345F14C124573808003EE819 /* Project object */;
			proxyType = 1;
			remoteGlobalIDString = 345F14C824573808003EE819;
			remoteInfo = Scar;
		};
/* End PBXContainerItemProxy section */

/* Begin PBXFileReference section */
		001AF5F9EE058CBD1BA893F4 /* Pods-Scar.release.xcconfig */ = {isa = PBXFileReference; includeInIndex = 1; lastKnownFileType = text.xcconfig; name = "Pods-Scar.release.xcconfig"; path = "Target Support Files/Pods-Scar/Pods-Scar.release.xcconfig"; sourceTree = "<group>"; };
		342BF269245DD9EC004CD081 /* SecretCollection.swift */ = {isa = PBXFileReference; lastKnownFileType = sourcecode.swift; path = SecretCollection.swift; sourceTree = "<group>"; };
		342BF26B245DDA19004CD081 /* CaricaImage.swift */ = {isa = PBXFileReference; lastKnownFileType = sourcecode.swift; path = CaricaImage.swift; sourceTree = "<group>"; };
		342BF26D245DDA34004CD081 /* CollectionViewCell.swift */ = {isa = PBXFileReference; lastKnownFileType = sourcecode.swift; path = CollectionViewCell.swift; sourceTree = "<group>"; };
		342BF2CB2460D006004CD081 /* CollectionViewCell1.swift */ = {isa = PBXFileReference; lastKnownFileType = sourcecode.swift; path = CollectionViewCell1.swift; sourceTree = "<group>"; };
		342BF2CD2460D025004CD081 /* ViewControllerInitial.swift */ = {isa = PBXFileReference; lastKnownFileType = sourcecode.swift; path = ViewControllerInitial.swift; sourceTree = "<group>"; };
		345F14C924573808003EE819 /* Skinsugi.app */ = {isa = PBXFileReference; explicitFileType = wrapper.application; includeInIndex = 0; path = Skinsugi.app; sourceTree = BUILT_PRODUCTS_DIR; };
		345F14CC24573808003EE819 /* AppDelegate.swift */ = {isa = PBXFileReference; lastKnownFileType = sourcecode.swift; path = AppDelegate.swift; sourceTree = "<group>"; };
		345F14CE24573808003EE819 /* SceneDelegate.swift */ = {isa = PBXFileReference; lastKnownFileType = sourcecode.swift; path = SceneDelegate.swift; sourceTree = "<group>"; };
		345F14D024573808003EE819 /* ViewController.swift */ = {isa = PBXFileReference; lastKnownFileType = sourcecode.swift; path = ViewController.swift; sourceTree = "<group>"; };
		345F14D324573808003EE819 /* Base */ = {isa = PBXFileReference; lastKnownFileType = file.storyboard; name = Base; path = Base.lproj/Main.storyboard; sourceTree = "<group>"; };
		345F14D524573809003EE819 /* Assets.xcassets */ = {isa = PBXFileReference; lastKnownFileType = folder.assetcatalog; path = Assets.xcassets; sourceTree = "<group>"; };
		345F14D824573809003EE819 /* Base */ = {isa = PBXFileReference; lastKnownFileType = file.storyboard; name = Base; path = Base.lproj/LaunchScreen.storyboard; sourceTree = "<group>"; };
		345F14DA24573809003EE819 /* Info.plist */ = {isa = PBXFileReference; lastKnownFileType = text.plist.xml; path = Info.plist; sourceTree = "<group>"; };
		345F14DF24573809003EE819 /* ScarTests.xctest */ = {isa = PBXFileReference; explicitFileType = wrapper.cfbundle; includeInIndex = 0; path = ScarTests.xctest; sourceTree = BUILT_PRODUCTS_DIR; };
		345F14E324573809003EE819 /* ScarTests.swift */ = {isa = PBXFileReference; lastKnownFileType = sourcecode.swift; path = ScarTests.swift; sourceTree = "<group>"; };
		345F14E524573809003EE819 /* Info.plist */ = {isa = PBXFileReference; lastKnownFileType = text.plist.xml; path = Info.plist; sourceTree = "<group>"; };
		345F14EA24573809003EE819 /* ScarUITests.xctest */ = {isa = PBXFileReference; explicitFileType = wrapper.cfbundle; includeInIndex = 0; path = ScarUITests.xctest; sourceTree = BUILT_PRODUCTS_DIR; };
		345F14EE24573809003EE819 /* ScarUITests.swift */ = {isa = PBXFileReference; lastKnownFileType = sourcecode.swift; path = ScarUITests.swift; sourceTree = "<group>"; };
		345F14F024573809003EE819 /* Info.plist */ = {isa = PBXFileReference; lastKnownFileType = text.plist.xml; path = Info.plist; sourceTree = "<group>"; };
		345F14FC24573816003EE819 /* Scar.entitlements */ = {isa = PBXFileReference; lastKnownFileType = text.plist.entitlements; path = Scar.entitlements; sourceTree = "<group>"; };
		345F14FE24573819003EE819 /* CloudKit.framework */ = {isa = PBXFileReference; lastKnownFileType = wrapper.framework; name = CloudKit.framework; path = System/Library/Frameworks/CloudKit.framework; sourceTree = SDKROOT; };
		345F15482459D5D9003EE819 /* WebKit.framework */ = {isa = PBXFileReference; lastKnownFileType = wrapper.framework; name = WebKit.framework; path = System/Library/Frameworks/WebKit.framework; sourceTree = SDKROOT; };
		34BABE3824991F1B004D795C /* Poppins-Black.ttf */ = {isa = PBXFileReference; lastKnownFileType = file; path = "Poppins-Black.ttf"; sourceTree = "<group>"; };
		34BABE3924991F1B004D795C /* Poppins-MediumItalic.ttf */ = {isa = PBXFileReference; lastKnownFileType = file; path = "Poppins-MediumItalic.ttf"; sourceTree = "<group>"; };
		34BABE3A24991F1B004D795C /* Poppins-Bold.ttf */ = {isa = PBXFileReference; lastKnownFileType = file; path = "Poppins-Bold.ttf"; sourceTree = "<group>"; };
		34BABE3B24991F1C004D795C /* Poppins-ExtraBoldItalic.ttf */ = {isa = PBXFileReference; lastKnownFileType = file; path = "Poppins-ExtraBoldItalic.ttf"; sourceTree = "<group>"; };
		34BABE3C24991F1C004D795C /* Poppins-BlackItalic.ttf */ = {isa = PBXFileReference; lastKnownFileType = file; path = "Poppins-BlackItalic.ttf"; sourceTree = "<group>"; };
		34BABE3D24991F1C004D795C /* Poppins-LightItalic.ttf */ = {isa = PBXFileReference; lastKnownFileType = file; path = "Poppins-LightItalic.ttf"; sourceTree = "<group>"; };
		34BABE3E24991F1D004D795C /* Poppins-ExtraLightItalic.ttf */ = {isa = PBXFileReference; lastKnownFileType = file; path = "Poppins-ExtraLightItalic.ttf"; sourceTree = "<group>"; };
		34BABE3F24991F1D004D795C /* Poppins-SemiBold.ttf */ = {isa = PBXFileReference; lastKnownFileType = file; path = "Poppins-SemiBold.ttf"; sourceTree = "<group>"; };
		34BABE4024991F1D004D795C /* Poppins-Light.ttf */ = {isa = PBXFileReference; lastKnownFileType = file; path = "Poppins-Light.ttf"; sourceTree = "<group>"; };
		34BABE4124991F1E004D795C /* Poppins-SemiBoldItalic.ttf */ = {isa = PBXFileReference; lastKnownFileType = file; path = "Poppins-SemiBoldItalic.ttf"; sourceTree = "<group>"; };
		34BABE4224991F1E004D795C /* Poppins-BoldItalic.ttf */ = {isa = PBXFileReference; lastKnownFileType = file; path = "Poppins-BoldItalic.ttf"; sourceTree = "<group>"; };
		34BABE4324991F1E004D795C /* Poppins-ExtraLight.ttf */ = {isa = PBXFileReference; lastKnownFileType = file; path = "Poppins-ExtraLight.ttf"; sourceTree = "<group>"; };
		34BABE4424991F1F004D795C /* Poppins-Thin.ttf */ = {isa = PBXFileReference; lastKnownFileType = file; path = "Poppins-Thin.ttf"; sourceTree = "<group>"; };
		34BABE4524991F1F004D795C /* Poppins-ExtraBold.ttf */ = {isa = PBXFileReference; lastKnownFileType = file; path = "Poppins-ExtraBold.ttf"; sourceTree = "<group>"; };
		34BABE4624991F1F004D795C /* Poppins-Italic.ttf */ = {isa = PBXFileReference; lastKnownFileType = file; path = "Poppins-Italic.ttf"; sourceTree = "<group>"; };
		34BABE4724991F20004D795C /* Poppins-Regular.ttf */ = {isa = PBXFileReference; lastKnownFileType = file; path = "Poppins-Regular.ttf"; sourceTree = "<group>"; };
		34BABE4824991F20004D795C /* Poppins-ThinItalic.ttf */ = {isa = PBXFileReference; lastKnownFileType = file; path = "Poppins-ThinItalic.ttf"; sourceTree = "<group>"; };
		34BABE4924991F20004D795C /* Poppins-Medium.ttf */ = {isa = PBXFileReference; lastKnownFileType = file; path = "Poppins-Medium.ttf"; sourceTree = "<group>"; };
		34ECF3F2249CF8B2005DA9D3 /* Roboto-Bold.ttf */ = {isa = PBXFileReference; lastKnownFileType = file; path = "Roboto-Bold.ttf"; sourceTree = "<group>"; };
		34ECF3F3249CF8B2005DA9D3 /* Roboto-Medium.ttf */ = {isa = PBXFileReference; lastKnownFileType = file; path = "Roboto-Medium.ttf"; sourceTree = "<group>"; };
		34ECF3F4249CF8B2005DA9D3 /* Roboto-BoldItalic.ttf */ = {isa = PBXFileReference; lastKnownFileType = file; path = "Roboto-BoldItalic.ttf"; sourceTree = "<group>"; };
		34ECF3F5249CF8B2005DA9D3 /* Roboto-LightItalic.ttf */ = {isa = PBXFileReference; lastKnownFileType = file; path = "Roboto-LightItalic.ttf"; sourceTree = "<group>"; };
		34ECF3F6249CF8B2005DA9D3 /* Roboto-MediumItalic.ttf */ = {isa = PBXFileReference; lastKnownFileType = file; path = "Roboto-MediumItalic.ttf"; sourceTree = "<group>"; };
		34ECF3F7249CF8B3005DA9D3 /* Roboto-Black.ttf */ = {isa = PBXFileReference; lastKnownFileType = file; path = "Roboto-Black.ttf"; sourceTree = "<group>"; };
		34ECF3F8249CF8B3005DA9D3 /* Roboto-Thin.ttf */ = {isa = PBXFileReference; lastKnownFileType = file; path = "Roboto-Thin.ttf"; sourceTree = "<group>"; };
		34ECF3F9249CF8B3005DA9D3 /* Roboto-ThinItalic.ttf */ = {isa = PBXFileReference; lastKnownFileType = file; path = "Roboto-ThinItalic.ttf"; sourceTree = "<group>"; };
		34ECF3FA249CF8B3005DA9D3 /* Roboto-Regular.ttf */ = {isa = PBXFileReference; lastKnownFileType = file; path = "Roboto-Regular.ttf"; sourceTree = "<group>"; };
		34ECF3FB249CF8B3005DA9D3 /* Roboto-Italic.ttf */ = {isa = PBXFileReference; lastKnownFileType = file; path = "Roboto-Italic.ttf"; sourceTree = "<group>"; };
		34ECF3FC249CF8B3005DA9D3 /* Roboto-BlackItalic.ttf */ = {isa = PBXFileReference; lastKnownFileType = file; path = "Roboto-BlackItalic.ttf"; sourceTree = "<group>"; };
		34ECF3FD249CF8B3005DA9D3 /* Roboto-Light.ttf */ = {isa = PBXFileReference; lastKnownFileType = file; path = "Roboto-Light.ttf"; sourceTree = "<group>"; };
		5850DD5C17BD4E16DFDBE827 /* Pods_Scar.framework */ = {isa = PBXFileReference; explicitFileType = wrapper.framework; includeInIndex = 0; path = Pods_Scar.framework; sourceTree = BUILT_PRODUCTS_DIR; };
		6B01C7992461A7980040EA77 /* PrimaTutorial.swift */ = {isa = PBXFileReference; lastKnownFileType = sourcecode.swift; path = PrimaTutorial.swift; sourceTree = "<group>"; };
		6B01C79B2461A7BC0040EA77 /* SecondaTutorial.swift */ = {isa = PBXFileReference; lastKnownFileType = sourcecode.swift; path = SecondaTutorial.swift; sourceTree = "<group>"; };
		6B29F0B2247D21A6008B8D49 /* SharePage.swift */ = {isa = PBXFileReference; lastKnownFileType = sourcecode.swift; path = SharePage.swift; sourceTree = "<group>"; };
		6B29F0B424816C44008B8D49 /* GenerateAgain.swift */ = {isa = PBXFileReference; lastKnownFileType = sourcecode.swift; path = GenerateAgain.swift; sourceTree = "<group>"; };
		6BA9C37C24890AC8006AA395 /* launch.swift */ = {isa = PBXFileReference; lastKnownFileType = sourcecode.swift; path = launch.swift; sourceTree = "<group>"; };
		6BA9C37E24890B94006AA395 /* TimelineAnimated.gif */ = {isa = PBXFileReference; lastKnownFileType = image.gif; path = TimelineAnimated.gif; sourceTree = "<group>"; };
		6BAD16A22464A53200859C79 /* Cella1.swift */ = {isa = PBXFileReference; lastKnownFileType = sourcecode.swift; path = Cella1.swift; sourceTree = "<group>"; };
		6BAD16A42464A53A00859C79 /* Cella2.swift */ = {isa = PBXFileReference; lastKnownFileType = sourcecode.swift; path = Cella2.swift; sourceTree = "<group>"; };
		6BAD16A62464A54600859C79 /* Cella3.swift */ = {isa = PBXFileReference; lastKnownFileType = sourcecode.swift; path = Cella3.swift; sourceTree = "<group>"; };
		7607122B24793C9E00B29C2C /* ReachabilityManager.swift */ = {isa = PBXFileReference; fileEncoding = 4; lastKnownFileType = sourcecode.swift; path = ReachabilityManager.swift; sourceTree = "<group>"; };
		7607122C24793C9E00B29C2C /* Network.swift */ = {isa = PBXFileReference; fileEncoding = 4; lastKnownFileType = sourcecode.swift; path = Network.swift; sourceTree = "<group>"; };
		7607122D24793C9E00B29C2C /* MovieAPI.swift */ = {isa = PBXFileReference; fileEncoding = 4; lastKnownFileType = sourcecode.swift; path = MovieAPI.swift; sourceTree = "<group>"; };
		7607122E24793C9E00B29C2C /* ModelMapperHelper.swift */ = {isa = PBXFileReference; fileEncoding = 4; lastKnownFileType = sourcecode.swift; path = ModelMapperHelper.swift; sourceTree = "<group>"; };
		7607123324793FE900B29C2C /* Movie.swift */ = {isa = PBXFileReference; fileEncoding = 4; lastKnownFileType = sourcecode.swift; path = Movie.swift; sourceTree = "<group>"; };
		764B4DCB248FE83F00F1C784 /* NexaTextDemo-Light.ttf */ = {isa = PBXFileReference; lastKnownFileType = file; path = "NexaTextDemo-Light.ttf"; sourceTree = "<group>"; };
		764B4DCC248FE83F00F1C784 /* Nexa Bold.otf */ = {isa = PBXFileReference; lastKnownFileType = file; path = "Nexa Bold.otf"; sourceTree = "<group>"; };
		764B4DCD248FE83F00F1C784 /* Nexa W01 Heavy.otf */ = {isa = PBXFileReference; lastKnownFileType = file; path = "Nexa W01 Heavy.otf"; sourceTree = "<group>"; };
		764B4DCE248FE83F00F1C784 /* Nexa Light.otf */ = {isa = PBXFileReference; lastKnownFileType = file; path = "Nexa Light.otf"; sourceTree = "<group>"; };
		765310F5249E4A4900D318DE /* ITA.swift */ = {isa = PBXFileReference; lastKnownFileType = sourcecode.swift; path = ITA.swift; sourceTree = "<group>"; };
		765310F7249E4A9700D318DE /* ENG.swift */ = {isa = PBXFileReference; lastKnownFileType = sourcecode.swift; path = ENG.swift; sourceTree = "<group>"; };
		7653A5862482C40000948C83 /* UIImage+Gif.swift */ = {isa = PBXFileReference; fileEncoding = 4; lastKnownFileType = sourcecode.swift; path = "UIImage+Gif.swift"; sourceTree = "<group>"; };
		7668C13E2469D3960099FD11 /* Slide.swift */ = {isa = PBXFileReference; fileEncoding = 4; lastKnownFileType = sourcecode.swift; path = Slide.swift; sourceTree = "<group>"; };
		7668C13F2469D3960099FD11 /* Slide.xib */ = {isa = PBXFileReference; fileEncoding = 4; lastKnownFileType = file.xib; path = Slide.xib; sourceTree = "<group>"; };
		76C13DE6245B255C00D1AE9F /* ChoosePalette.swift */ = {isa = PBXFileReference; lastKnownFileType = sourcecode.swift; path = ChoosePalette.swift; sourceTree = "<group>"; };
		76C13DE8245B2B3100D1AE9F /* ChooseTexture.swift */ = {isa = PBXFileReference; lastKnownFileType = sourcecode.swift; path = ChooseTexture.swift; sourceTree = "<group>"; };
		76C13DEA245B2FAE00D1AE9F /* TakePicture.swift */ = {isa = PBXFileReference; lastKnownFileType = sourcecode.swift; path = TakePicture.swift; sourceTree = "<group>"; };
		76C147222460242200DAD927 /* Schermata2.swift */ = {isa = PBXFileReference; lastKnownFileType = sourcecode.swift; path = Schermata2.swift; sourceTree = "<group>"; };
		76C14724246026BB00DAD927 /* AddInsights.swift */ = {isa = PBXFileReference; lastKnownFileType = sourcecode.swift; path = AddInsights.swift; sourceTree = "<group>"; };
		76C1472624603A2A00DAD927 /* InsightsCollection.swift */ = {isa = PBXFileReference; lastKnownFileType = sourcecode.swift; path = InsightsCollection.swift; sourceTree = "<group>"; };
		76C7D47B2466F19C00E82414 /* TableViewActivity.swift */ = {isa = PBXFileReference; lastKnownFileType = sourcecode.swift; path = TableViewActivity.swift; sourceTree = "<group>"; };
		76DDE177247EA54200A2C651 /* FooterCollectionView.swift */ = {isa = PBXFileReference; lastKnownFileType = sourcecode.swift; path = FooterCollectionView.swift; sourceTree = "<group>"; };
		76E9F0FC245B214B00D4921E /* ChooseShape2.swift */ = {isa = PBXFileReference; fileEncoding = 4; lastKnownFileType = sourcecode.swift; path = ChooseShape2.swift; sourceTree = "<group>"; };
		76E9F0FD245B214B00D4921E /* ChooseShape.swift */ = {isa = PBXFileReference; fileEncoding = 4; lastKnownFileType = sourcecode.swift; path = ChooseShape.swift; sourceTree = "<group>"; };
		76F08B38245DEE8C002A6F19 /* Schermata1.swift */ = {isa = PBXFileReference; lastKnownFileType = sourcecode.swift; path = Schermata1.swift; sourceTree = "<group>"; };
		76F08B3A245DEFCC002A6F19 /* Password.swift */ = {isa = PBXFileReference; lastKnownFileType = sourcecode.swift; path = Password.swift; sourceTree = "<group>"; };
		76F08B3C245DF36F002A6F19 /* PostCollage.swift */ = {isa = PBXFileReference; lastKnownFileType = sourcecode.swift; path = PostCollage.swift; sourceTree = "<group>"; };
		76F08B40245DF8B2002A6F19 /* StepCollage.swift */ = {isa = PBXFileReference; lastKnownFileType = sourcecode.swift; path = StepCollage.swift; sourceTree = "<group>"; };
		76F8FF142458AFDB00E50D7F /* Collage.swift */ = {isa = PBXFileReference; lastKnownFileType = sourcecode.swift; path = Collage.swift; sourceTree = "<group>"; };
		B92244740DB141A2DB6E5D60 /* Pods-Scar.debug.xcconfig */ = {isa = PBXFileReference; includeInIndex = 1; lastKnownFileType = text.xcconfig; name = "Pods-Scar.debug.xcconfig"; path = "Target Support Files/Pods-Scar/Pods-Scar.debug.xcconfig"; sourceTree = "<group>"; };
/* End PBXFileReference section */

/* Begin PBXFrameworksBuildPhase section */
		345F14C624573808003EE819 /* Frameworks */ = {
			isa = PBXFrameworksBuildPhase;
			buildActionMask = 2147483647;
			files = (
				345F15492459D5D9003EE819 /* WebKit.framework in Frameworks */,
				345F14FF24573819003EE819 /* CloudKit.framework in Frameworks */,
				F1C4AB5024BDCE8F24FA5D87 /* Pods_Scar.framework in Frameworks */,
			);
			runOnlyForDeploymentPostprocessing = 0;
		};
		345F14DC24573809003EE819 /* Frameworks */ = {
			isa = PBXFrameworksBuildPhase;
			buildActionMask = 2147483647;
			files = (
			);
			runOnlyForDeploymentPostprocessing = 0;
		};
		345F14E724573809003EE819 /* Frameworks */ = {
			isa = PBXFrameworksBuildPhase;
			buildActionMask = 2147483647;
			files = (
			);
			runOnlyForDeploymentPostprocessing = 0;
		};
/* End PBXFrameworksBuildPhase section */

/* Begin PBXGroup section */
		1C6CEBFA99121D22EAFCB80E /* Pods */ = {
			isa = PBXGroup;
			children = (
				B92244740DB141A2DB6E5D60 /* Pods-Scar.debug.xcconfig */,
				001AF5F9EE058CBD1BA893F4 /* Pods-Scar.release.xcconfig */,
			);
			path = Pods;
			sourceTree = "<group>";
		};
		345F14C024573808003EE819 = {
			isa = PBXGroup;
			children = (
				345F14CB24573808003EE819 /* Scar */,
				345F14E224573809003EE819 /* ScarTests */,
				345F14ED24573809003EE819 /* ScarUITests */,
				345F14CA24573808003EE819 /* Products */,
				345F14FD24573819003EE819 /* Frameworks */,
				1C6CEBFA99121D22EAFCB80E /* Pods */,
			);
			sourceTree = "<group>";
		};
		345F14CA24573808003EE819 /* Products */ = {
			isa = PBXGroup;
			children = (
				345F14C924573808003EE819 /* Skinsugi.app */,
				345F14DF24573809003EE819 /* ScarTests.xctest */,
				345F14EA24573809003EE819 /* ScarUITests.xctest */,
			);
			name = Products;
			sourceTree = "<group>";
		};
		345F14CB24573808003EE819 /* Scar */ = {
			isa = PBXGroup;
			children = (
				345F14CC24573808003EE819 /* AppDelegate.swift */,
				345F14CE24573808003EE819 /* SceneDelegate.swift */,
				76C14724246026BB00DAD927 /* AddInsights.swift */,
				76F8FF142458AFDB00E50D7F /* Collage.swift */,
				76E9F0FD245B214B00D4921E /* ChooseShape.swift */,
				76E9F0FC245B214B00D4921E /* ChooseShape2.swift */,
				76C13DE6245B255C00D1AE9F /* ChoosePalette.swift */,
				76C13DE8245B2B3100D1AE9F /* ChooseTexture.swift */,
				342BF26B245DDA19004CD081 /* CaricaImage.swift */,
				6BA9C37C24890AC8006AA395 /* launch.swift */,
				76F08B3A245DEFCC002A6F19 /* Password.swift */,
				76F08B3C245DF36F002A6F19 /* PostCollage.swift */,
				76F08B38245DEE8C002A6F19 /* Schermata1.swift */,
				76C147222460242200DAD927 /* Schermata2.swift */,
				342BF269245DD9EC004CD081 /* SecretCollection.swift */,
				76F08B40245DF8B2002A6F19 /* StepCollage.swift */,
				76C13DEA245B2FAE00D1AE9F /* TakePicture.swift */,
				342BF2CD2460D025004CD081 /* ViewControllerInitial.swift */,
				345F14D024573808003EE819 /* ViewController.swift */,
				7653A5862482C40000948C83 /* UIImage+Gif.swift */,
				6B01C7992461A7980040EA77 /* PrimaTutorial.swift */,
				6B01C79B2461A7BC0040EA77 /* SecondaTutorial.swift */,
				6B29F0B2247D21A6008B8D49 /* SharePage.swift */,
				6B29F0B424816C44008B8D49 /* GenerateAgain.swift */,
				345F14D224573808003EE819 /* Main.storyboard */,
				345F14D724573809003EE819 /* LaunchScreen.storyboard */,
				345F14DA24573809003EE819 /* Info.plist */,
				6BA9C37E24890B94006AA395 /* TimelineAnimated.gif */,
				345F14FC24573816003EE819 /* Scar.entitlements */,
				345F14D524573809003EE819 /* Assets.xcassets */,
				765310FE249FB52D00D318DE /* Cell */,
				765310F4249E4A2A00D318DE /* Lenguage */,
				34BABDE324991C7E004D795C /* Font */,
				764B4DCA248FE83F00F1C784 /* Nexa Font */,
				7607122A24793C9E00B29C2C /* Network */,
				7668C13D2469D3960099FD11 /* Views */,
			);
			path = Scar;
			sourceTree = "<group>";
		};
		345F14E224573809003EE819 /* ScarTests */ = {
			isa = PBXGroup;
			children = (
				345F14E324573809003EE819 /* ScarTests.swift */,
				345F14E524573809003EE819 /* Info.plist */,
			);
			path = ScarTests;
			sourceTree = "<group>";
		};
		345F14ED24573809003EE819 /* ScarUITests */ = {
			isa = PBXGroup;
			children = (
				345F14EE24573809003EE819 /* ScarUITests.swift */,
				345F14F024573809003EE819 /* Info.plist */,
			);
			path = ScarUITests;
			sourceTree = "<group>";
		};
		345F14FD24573819003EE819 /* Frameworks */ = {
			isa = PBXGroup;
			children = (
				345F15482459D5D9003EE819 /* WebKit.framework */,
				345F14FE24573819003EE819 /* CloudKit.framework */,
				5850DD5C17BD4E16DFDBE827 /* Pods_Scar.framework */,
			);
			name = Frameworks;
			sourceTree = "<group>";
		};
		34BABDE324991C7E004D795C /* Font */ = {
			isa = PBXGroup;
			children = (
				34ECF3F7249CF8B3005DA9D3 /* Roboto-Black.ttf */,
				34ECF3FC249CF8B3005DA9D3 /* Roboto-BlackItalic.ttf */,
				34ECF3F2249CF8B2005DA9D3 /* Roboto-Bold.ttf */,
				34ECF3F4249CF8B2005DA9D3 /* Roboto-BoldItalic.ttf */,
				34ECF3FB249CF8B3005DA9D3 /* Roboto-Italic.ttf */,
				34ECF3FD249CF8B3005DA9D3 /* Roboto-Light.ttf */,
				34ECF3F5249CF8B2005DA9D3 /* Roboto-LightItalic.ttf */,
				34ECF3F3249CF8B2005DA9D3 /* Roboto-Medium.ttf */,
				34ECF3F6249CF8B2005DA9D3 /* Roboto-MediumItalic.ttf */,
				34ECF3FA249CF8B3005DA9D3 /* Roboto-Regular.ttf */,
				34ECF3F8249CF8B3005DA9D3 /* Roboto-Thin.ttf */,
				34ECF3F9249CF8B3005DA9D3 /* Roboto-ThinItalic.ttf */,
				34BABE3824991F1B004D795C /* Poppins-Black.ttf */,
				34BABE3C24991F1C004D795C /* Poppins-BlackItalic.ttf */,
				34BABE3A24991F1B004D795C /* Poppins-Bold.ttf */,
				34BABE4224991F1E004D795C /* Poppins-BoldItalic.ttf */,
				34BABE4524991F1F004D795C /* Poppins-ExtraBold.ttf */,
				34BABE3B24991F1C004D795C /* Poppins-ExtraBoldItalic.ttf */,
				34BABE4324991F1E004D795C /* Poppins-ExtraLight.ttf */,
				34BABE3E24991F1D004D795C /* Poppins-ExtraLightItalic.ttf */,
				34BABE4624991F1F004D795C /* Poppins-Italic.ttf */,
				34BABE4024991F1D004D795C /* Poppins-Light.ttf */,
				34BABE3D24991F1C004D795C /* Poppins-LightItalic.ttf */,
				34BABE4924991F20004D795C /* Poppins-Medium.ttf */,
				34BABE3924991F1B004D795C /* Poppins-MediumItalic.ttf */,
				34BABE4724991F20004D795C /* Poppins-Regular.ttf */,
				34BABE3F24991F1D004D795C /* Poppins-SemiBold.ttf */,
				34BABE4124991F1E004D795C /* Poppins-SemiBoldItalic.ttf */,
				34BABE4424991F1F004D795C /* Poppins-Thin.ttf */,
				34BABE4824991F20004D795C /* Poppins-ThinItalic.ttf */,
			);
			path = Font;
			sourceTree = "<group>";
		};
		7607122A24793C9E00B29C2C /* Network */ = {
			isa = PBXGroup;
			children = (
				7607123324793FE900B29C2C /* Movie.swift */,
				7607122B24793C9E00B29C2C /* ReachabilityManager.swift */,
				7607122C24793C9E00B29C2C /* Network.swift */,
				7607122D24793C9E00B29C2C /* MovieAPI.swift */,
				7607122E24793C9E00B29C2C /* ModelMapperHelper.swift */,
			);
			path = Network;
			sourceTree = "<group>";
		};
		764B4DCA248FE83F00F1C784 /* Nexa Font */ = {
			isa = PBXGroup;
			children = (
				764B4DCB248FE83F00F1C784 /* NexaTextDemo-Light.ttf */,
				764B4DCC248FE83F00F1C784 /* Nexa Bold.otf */,
				764B4DCD248FE83F00F1C784 /* Nexa W01 Heavy.otf */,
				764B4DCE248FE83F00F1C784 /* Nexa Light.otf */,
			);
			path = "Nexa Font";
			sourceTree = "<group>";
		};
		765310F4249E4A2A00D318DE /* Lenguage */ = {
			isa = PBXGroup;
			children = (
				765310F5249E4A4900D318DE /* ITA.swift */,
				765310F7249E4A9700D318DE /* ENG.swift */,
			);
			path = Lenguage;
			sourceTree = "<group>";
		};
		765310FE249FB52D00D318DE /* Cell */ = {
			isa = PBXGroup;
			children = (
				342BF2CB2460D006004CD081 /* CollectionViewCell1.swift */,
				342BF26D245DDA34004CD081 /* CollectionViewCell.swift */,
				76C1472624603A2A00DAD927 /* InsightsCollection.swift */,
				76C7D47B2466F19C00E82414 /* TableViewActivity.swift */,
				6BAD16A22464A53200859C79 /* Cella1.swift */,
				6BAD16A42464A53A00859C79 /* Cella2.swift */,
				6BAD16A62464A54600859C79 /* Cella3.swift */,
				76DDE177247EA54200A2C651 /* FooterCollectionView.swift */,
			);
			path = Cell;
			sourceTree = "<group>";
		};
		7668C13D2469D3960099FD11 /* Views */ = {
			isa = PBXGroup;
			children = (
				7668C13E2469D3960099FD11 /* Slide.swift */,
				7668C13F2469D3960099FD11 /* Slide.xib */,
			);
			path = Views;
			sourceTree = "<group>";
		};
/* End PBXGroup section */

/* Begin PBXNativeTarget section */
		345F14C824573808003EE819 /* Scar */ = {
			isa = PBXNativeTarget;
			buildConfigurationList = 345F14F32457380A003EE819 /* Build configuration list for PBXNativeTarget "Scar" */;
			buildPhases = (
				D76744AB9BBBF55DC3659269 /* [CP] Check Pods Manifest.lock */,
				345F14C524573808003EE819 /* Sources */,
				345F14C624573808003EE819 /* Frameworks */,
				345F14C724573808003EE819 /* Resources */,
				553184EE700D3CB6D251A8B6 /* [CP] Embed Pods Frameworks */,
			);
			buildRules = (
			);
			dependencies = (
			);
			name = Scar;
			productName = Scar;
			productReference = 345F14C924573808003EE819 /* Skinsugi.app */;
			productType = "com.apple.product-type.application";
		};
		345F14DE24573809003EE819 /* ScarTests */ = {
			isa = PBXNativeTarget;
			buildConfigurationList = 345F14F62457380A003EE819 /* Build configuration list for PBXNativeTarget "ScarTests" */;
			buildPhases = (
				345F14DB24573809003EE819 /* Sources */,
				345F14DC24573809003EE819 /* Frameworks */,
				345F14DD24573809003EE819 /* Resources */,
			);
			buildRules = (
			);
			dependencies = (
				345F14E124573809003EE819 /* PBXTargetDependency */,
			);
			name = ScarTests;
			productName = ScarTests;
			productReference = 345F14DF24573809003EE819 /* ScarTests.xctest */;
			productType = "com.apple.product-type.bundle.unit-test";
		};
		345F14E924573809003EE819 /* ScarUITests */ = {
			isa = PBXNativeTarget;
			buildConfigurationList = 345F14F92457380A003EE819 /* Build configuration list for PBXNativeTarget "ScarUITests" */;
			buildPhases = (
				345F14E624573809003EE819 /* Sources */,
				345F14E724573809003EE819 /* Frameworks */,
				345F14E824573809003EE819 /* Resources */,
			);
			buildRules = (
			);
			dependencies = (
				345F14EC24573809003EE819 /* PBXTargetDependency */,
			);
			name = ScarUITests;
			productName = ScarUITests;
			productReference = 345F14EA24573809003EE819 /* ScarUITests.xctest */;
			productType = "com.apple.product-type.bundle.ui-testing";
		};
/* End PBXNativeTarget section */

/* Begin PBXProject section */
		345F14C124573808003EE819 /* Project object */ = {
			isa = PBXProject;
			attributes = {
				LastSwiftUpdateCheck = 1140;
				LastUpgradeCheck = 1140;
				ORGANIZATIONNAME = "Mattia Cardone";
				TargetAttributes = {
					345F14C824573808003EE819 = {
						CreatedOnToolsVersion = 11.4;
					};
					345F14DE24573809003EE819 = {
						CreatedOnToolsVersion = 11.4;
						TestTargetID = 345F14C824573808003EE819;
					};
					345F14E924573809003EE819 = {
						CreatedOnToolsVersion = 11.4;
						TestTargetID = 345F14C824573808003EE819;
					};
				};
			};
			buildConfigurationList = 345F14C424573808003EE819 /* Build configuration list for PBXProject "Scar" */;
			compatibilityVersion = "Xcode 9.3";
			developmentRegion = en;
			hasScannedForEncodings = 0;
			knownRegions = (
				en,
				Base,
			);
			mainGroup = 345F14C024573808003EE819;
			productRefGroup = 345F14CA24573808003EE819 /* Products */;
			projectDirPath = "";
			projectRoot = "";
			targets = (
				345F14C824573808003EE819 /* Scar */,
				345F14DE24573809003EE819 /* ScarTests */,
				345F14E924573809003EE819 /* ScarUITests */,
			);
		};
/* End PBXProject section */

/* Begin PBXResourcesBuildPhase section */
		345F14C724573808003EE819 /* Resources */ = {
			isa = PBXResourcesBuildPhase;
			buildActionMask = 2147483647;
			files = (
				34ECF3FE249CF8B3005DA9D3 /* Roboto-Bold.ttf in Resources */,
				34ECF3FF249CF8B3005DA9D3 /* Roboto-Medium.ttf in Resources */,
				34ECF400249CF8B3005DA9D3 /* Roboto-BoldItalic.ttf in Resources */,
				34ECF401249CF8B3005DA9D3 /* Roboto-LightItalic.ttf in Resources */,
				34ECF402249CF8B3005DA9D3 /* Roboto-MediumItalic.ttf in Resources */,
				34ECF403249CF8B3005DA9D3 /* Roboto-Black.ttf in Resources */,
				34ECF404249CF8B3005DA9D3 /* Roboto-Thin.ttf in Resources */,
				34ECF405249CF8B3005DA9D3 /* Roboto-ThinItalic.ttf in Resources */,
				34ECF406249CF8B3005DA9D3 /* Roboto-Regular.ttf in Resources */,
				34ECF407249CF8B3005DA9D3 /* Roboto-Italic.ttf in Resources */,
				34ECF408249CF8B3005DA9D3 /* Roboto-BlackItalic.ttf in Resources */,
				34ECF409249CF8B3005DA9D3 /* Roboto-Light.ttf in Resources */,
				34BABE4A24991F20004D795C /* Poppins-Black.ttf in Resources */,
				34BABE4B24991F20004D795C /* Poppins-MediumItalic.ttf in Resources */,
				34BABE4C24991F20004D795C /* Poppins-Bold.ttf in Resources */,
				34BABE4D24991F21004D795C /* Poppins-ExtraBoldItalic.ttf in Resources */,
				34BABE4E24991F21004D795C /* Poppins-BlackItalic.ttf in Resources */,
				34BABE4F24991F21004D795C /* Poppins-LightItalic.ttf in Resources */,
				34BABE5024991F21004D795C /* Poppins-ExtraLightItalic.ttf in Resources */,
				34BABE5124991F21004D795C /* Poppins-SemiBold.ttf in Resources */,
				34BABE5224991F21004D795C /* Poppins-Light.ttf in Resources */,
				34BABE5324991F21004D795C /* Poppins-SemiBoldItalic.ttf in Resources */,
				34BABE5424991F21004D795C /* Poppins-BoldItalic.ttf in Resources */,
				34BABE5524991F21004D795C /* Poppins-ExtraLight.ttf in Resources */,
				34BABE5624991F21004D795C /* Poppins-Thin.ttf in Resources */,
				34BABE5724991F21004D795C /* Poppins-ExtraBold.ttf in Resources */,
				34BABE5824991F21004D795C /* Poppins-Italic.ttf in Resources */,
				34BABE5924991F21004D795C /* Poppins-Regular.ttf in Resources */,
				34BABE5A24991F21004D795C /* Poppins-ThinItalic.ttf in Resources */,
				34BABE5B24991F21004D795C /* Poppins-Medium.ttf in Resources */,
				764B4DD1248FE86800F1C784 /* Nexa Bold.otf in Resources */,
				764B4DD2248FE86C00F1C784 /* Nexa W01 Heavy.otf in Resources */,
				764B4DD3248FE86E00F1C784 /* Nexa Light.otf in Resources */,
				764B4DD0248FE86600F1C784 /* NexaTextDemo-Light.ttf in Resources */,
				345F14D924573809003EE819 /* LaunchScreen.storyboard in Resources */,
				345F14D624573809003EE819 /* Assets.xcassets in Resources */,
				6BA9C37F24890B94006AA395 /* TimelineAnimated.gif in Resources */,
				7668C1412469D3960099FD11 /* Slide.xib in Resources */,
				345F14D424573808003EE819 /* Main.storyboard in Resources */,
			);
			runOnlyForDeploymentPostprocessing = 0;
		};
		345F14DD24573809003EE819 /* Resources */ = {
			isa = PBXResourcesBuildPhase;
			buildActionMask = 2147483647;
			files = (
			);
			runOnlyForDeploymentPostprocessing = 0;
		};
		345F14E824573809003EE819 /* Resources */ = {
			isa = PBXResourcesBuildPhase;
			buildActionMask = 2147483647;
			files = (
			);
			runOnlyForDeploymentPostprocessing = 0;
		};
/* End PBXResourcesBuildPhase section */

/* Begin PBXShellScriptBuildPhase section */
		553184EE700D3CB6D251A8B6 /* [CP] Embed Pods Frameworks */ = {
			isa = PBXShellScriptBuildPhase;
			buildActionMask = 2147483647;
			files = (
			);
			inputFileListPaths = (
				"${PODS_ROOT}/Target Support Files/Pods-Scar/Pods-Scar-frameworks-${CONFIGURATION}-input-files.xcfilelist",
			);
			name = "[CP] Embed Pods Frameworks";
			outputFileListPaths = (
				"${PODS_ROOT}/Target Support Files/Pods-Scar/Pods-Scar-frameworks-${CONFIGURATION}-output-files.xcfilelist",
			);
			runOnlyForDeploymentPostprocessing = 0;
			shellPath = /bin/sh;
			shellScript = "\"${PODS_ROOT}/Target Support Files/Pods-Scar/Pods-Scar-frameworks.sh\"\n";
			showEnvVarsInLog = 0;
		};
		D76744AB9BBBF55DC3659269 /* [CP] Check Pods Manifest.lock */ = {
			isa = PBXShellScriptBuildPhase;
			buildActionMask = 2147483647;
			files = (
			);
			inputFileListPaths = (
			);
			inputPaths = (
				"${PODS_PODFILE_DIR_PATH}/Podfile.lock",
				"${PODS_ROOT}/Manifest.lock",
			);
			name = "[CP] Check Pods Manifest.lock";
			outputFileListPaths = (
			);
			outputPaths = (
				"$(DERIVED_FILE_DIR)/Pods-Scar-checkManifestLockResult.txt",
			);
			runOnlyForDeploymentPostprocessing = 0;
			shellPath = /bin/sh;
			shellScript = "diff \"${PODS_PODFILE_DIR_PATH}/Podfile.lock\" \"${PODS_ROOT}/Manifest.lock\" > /dev/null\nif [ $? != 0 ] ; then\n    # print error to STDERR\n    echo \"error: The sandbox is not in sync with the Podfile.lock. Run 'pod install' or update your CocoaPods installation.\" >&2\n    exit 1\nfi\n# This output is used by Xcode 'outputs' to avoid re-running this script phase.\necho \"SUCCESS\" > \"${SCRIPT_OUTPUT_FILE_0}\"\n";
			showEnvVarsInLog = 0;
		};
/* End PBXShellScriptBuildPhase section */

/* Begin PBXSourcesBuildPhase section */
		345F14C524573808003EE819 /* Sources */ = {
			isa = PBXSourcesBuildPhase;
			buildActionMask = 2147483647;
			files = (
				765310F8249E4A9700D318DE /* ENG.swift in Sources */,
				76E9F0FF245B214B00D4921E /* ChooseShape.swift in Sources */,
				7607122F24793C9E00B29C2C /* ReachabilityManager.swift in Sources */,
				76F08B41245DF8B2002A6F19 /* StepCollage.swift in Sources */,
				6BAD16A32464A53200859C79 /* Cella1.swift in Sources */,
				6B29F0B3247D21A6008B8D49 /* SharePage.swift in Sources */,
				76C14725246026BB00DAD927 /* AddInsights.swift in Sources */,
				6BA9C37D24890AC8006AA395 /* launch.swift in Sources */,
				6BAD16A52464A53A00859C79 /* Cella2.swift in Sources */,
				765310F6249E4A4900D318DE /* ITA.swift in Sources */,
				342BF2CC2460D006004CD081 /* CollectionViewCell1.swift in Sources */,
				342BF26C245DDA19004CD081 /* CaricaImage.swift in Sources */,
				7607123024793C9E00B29C2C /* Network.swift in Sources */,
				76F08B3B245DEFCC002A6F19 /* Password.swift in Sources */,
				7607123224793C9E00B29C2C /* ModelMapperHelper.swift in Sources */,
				6BAD16A72464A54600859C79 /* Cella3.swift in Sources */,
				342BF2CE2460D025004CD081 /* ViewControllerInitial.swift in Sources */,
				345F14D124573808003EE819 /* ViewController.swift in Sources */,
				76DDE178247EA54200A2C651 /* FooterCollectionView.swift in Sources */,
				76C1472724603A2A00DAD927 /* InsightsCollection.swift in Sources */,
				76C13DEB245B2FAE00D1AE9F /* TakePicture.swift in Sources */,
				6B01C79A2461A7980040EA77 /* PrimaTutorial.swift in Sources */,
				345F14CD24573808003EE819 /* AppDelegate.swift in Sources */,
				7607123424793FE900B29C2C /* Movie.swift in Sources */,
				76F08B39245DEE8C002A6F19 /* Schermata1.swift in Sources */,
				76C7D47C2466F19C00E82414 /* TableViewActivity.swift in Sources */,
				6B29F0B524816C44008B8D49 /* GenerateAgain.swift in Sources */,
				345F14CF24573808003EE819 /* SceneDelegate.swift in Sources */,
				76F08B3D245DF36F002A6F19 /* PostCollage.swift in Sources */,
				76C147232460242200DAD927 /* Schermata2.swift in Sources */,
				6B01C79C2461A7BC0040EA77 /* SecondaTutorial.swift in Sources */,
				76C13DE9245B2B3100D1AE9F /* ChooseTexture.swift in Sources */,
				342BF26E245DDA34004CD081 /* CollectionViewCell.swift in Sources */,
				342BF26A245DD9EC004CD081 /* SecretCollection.swift in Sources */,
				7607123124793C9E00B29C2C /* MovieAPI.swift in Sources */,
				76F8FF152458AFDB00E50D7F /* Collage.swift in Sources */,
				76C13DE7245B255C00D1AE9F /* ChoosePalette.swift in Sources */,
				7668C1402469D3960099FD11 /* Slide.swift in Sources */,
				7653A5872482C40000948C83 /* UIImage+Gif.swift in Sources */,
				76E9F0FE245B214B00D4921E /* ChooseShape2.swift in Sources */,
			);
			runOnlyForDeploymentPostprocessing = 0;
		};
		345F14DB24573809003EE819 /* Sources */ = {
			isa = PBXSourcesBuildPhase;
			buildActionMask = 2147483647;
			files = (
				345F14E424573809003EE819 /* ScarTests.swift in Sources */,
			);
			runOnlyForDeploymentPostprocessing = 0;
		};
		345F14E624573809003EE819 /* Sources */ = {
			isa = PBXSourcesBuildPhase;
			buildActionMask = 2147483647;
			files = (
				345F14EF24573809003EE819 /* ScarUITests.swift in Sources */,
			);
			runOnlyForDeploymentPostprocessing = 0;
		};
/* End PBXSourcesBuildPhase section */

/* Begin PBXTargetDependency section */
		345F14E124573809003EE819 /* PBXTargetDependency */ = {
			isa = PBXTargetDependency;
			target = 345F14C824573808003EE819 /* Scar */;
			targetProxy = 345F14E024573809003EE819 /* PBXContainerItemProxy */;
		};
		345F14EC24573809003EE819 /* PBXTargetDependency */ = {
			isa = PBXTargetDependency;
			target = 345F14C824573808003EE819 /* Scar */;
			targetProxy = 345F14EB24573809003EE819 /* PBXContainerItemProxy */;
		};
/* End PBXTargetDependency section */

/* Begin PBXVariantGroup section */
		345F14D224573808003EE819 /* Main.storyboard */ = {
			isa = PBXVariantGroup;
			children = (
				345F14D324573808003EE819 /* Base */,
			);
			name = Main.storyboard;
			sourceTree = "<group>";
		};
		345F14D724573809003EE819 /* LaunchScreen.storyboard */ = {
			isa = PBXVariantGroup;
			children = (
				345F14D824573809003EE819 /* Base */,
			);
			name = LaunchScreen.storyboard;
			sourceTree = "<group>";
		};
/* End PBXVariantGroup section */

/* Begin XCBuildConfiguration section */
		345F14F12457380A003EE819 /* Debug */ = {
			isa = XCBuildConfiguration;
			buildSettings = {
				ALWAYS_SEARCH_USER_PATHS = NO;
				CLANG_ANALYZER_NONNULL = YES;
				CLANG_ANALYZER_NUMBER_OBJECT_CONVERSION = YES_AGGRESSIVE;
				CLANG_CXX_LANGUAGE_STANDARD = "gnu++14";
				CLANG_CXX_LIBRARY = "libc++";
				CLANG_ENABLE_MODULES = YES;
				CLANG_ENABLE_OBJC_ARC = YES;
				CLANG_ENABLE_OBJC_WEAK = YES;
				CLANG_WARN_BLOCK_CAPTURE_AUTORELEASING = YES;
				CLANG_WARN_BOOL_CONVERSION = YES;
				CLANG_WARN_COMMA = YES;
				CLANG_WARN_CONSTANT_CONVERSION = YES;
				CLANG_WARN_DEPRECATED_OBJC_IMPLEMENTATIONS = YES;
				CLANG_WARN_DIRECT_OBJC_ISA_USAGE = YES_ERROR;
				CLANG_WARN_DOCUMENTATION_COMMENTS = YES;
				CLANG_WARN_EMPTY_BODY = YES;
				CLANG_WARN_ENUM_CONVERSION = YES;
				CLANG_WARN_INFINITE_RECURSION = YES;
				CLANG_WARN_INT_CONVERSION = YES;
				CLANG_WARN_NON_LITERAL_NULL_CONVERSION = YES;
				CLANG_WARN_OBJC_IMPLICIT_RETAIN_SELF = YES;
				CLANG_WARN_OBJC_LITERAL_CONVERSION = YES;
				CLANG_WARN_OBJC_ROOT_CLASS = YES_ERROR;
				CLANG_WARN_RANGE_LOOP_ANALYSIS = YES;
				CLANG_WARN_STRICT_PROTOTYPES = YES;
				CLANG_WARN_SUSPICIOUS_MOVE = YES;
				CLANG_WARN_UNGUARDED_AVAILABILITY = YES_AGGRESSIVE;
				CLANG_WARN_UNREACHABLE_CODE = YES;
				CLANG_WARN__DUPLICATE_METHOD_MATCH = YES;
				COPY_PHASE_STRIP = NO;
				DEBUG_INFORMATION_FORMAT = dwarf;
				ENABLE_STRICT_OBJC_MSGSEND = YES;
				ENABLE_TESTABILITY = YES;
				GCC_C_LANGUAGE_STANDARD = gnu11;
				GCC_DYNAMIC_NO_PIC = NO;
				GCC_NO_COMMON_BLOCKS = YES;
				GCC_OPTIMIZATION_LEVEL = 0;
				GCC_PREPROCESSOR_DEFINITIONS = (
					"DEBUG=1",
					"$(inherited)",
				);
				GCC_WARN_64_TO_32_BIT_CONVERSION = YES;
				GCC_WARN_ABOUT_RETURN_TYPE = YES_ERROR;
				GCC_WARN_UNDECLARED_SELECTOR = YES;
				GCC_WARN_UNINITIALIZED_AUTOS = YES_AGGRESSIVE;
				GCC_WARN_UNUSED_FUNCTION = YES;
				GCC_WARN_UNUSED_VARIABLE = YES;
				IPHONEOS_DEPLOYMENT_TARGET = 13.4;
				MTL_ENABLE_DEBUG_INFO = INCLUDE_SOURCE;
				MTL_FAST_MATH = YES;
				ONLY_ACTIVE_ARCH = YES;
				SDKROOT = iphoneos;
				SWIFT_ACTIVE_COMPILATION_CONDITIONS = DEBUG;
				SWIFT_OPTIMIZATION_LEVEL = "-Onone";
			};
			name = Debug;
		};
		345F14F22457380A003EE819 /* Release */ = {
			isa = XCBuildConfiguration;
			buildSettings = {
				ALWAYS_SEARCH_USER_PATHS = NO;
				CLANG_ANALYZER_NONNULL = YES;
				CLANG_ANALYZER_NUMBER_OBJECT_CONVERSION = YES_AGGRESSIVE;
				CLANG_CXX_LANGUAGE_STANDARD = "gnu++14";
				CLANG_CXX_LIBRARY = "libc++";
				CLANG_ENABLE_MODULES = YES;
				CLANG_ENABLE_OBJC_ARC = YES;
				CLANG_ENABLE_OBJC_WEAK = YES;
				CLANG_WARN_BLOCK_CAPTURE_AUTORELEASING = YES;
				CLANG_WARN_BOOL_CONVERSION = YES;
				CLANG_WARN_COMMA = YES;
				CLANG_WARN_CONSTANT_CONVERSION = YES;
				CLANG_WARN_DEPRECATED_OBJC_IMPLEMENTATIONS = YES;
				CLANG_WARN_DIRECT_OBJC_ISA_USAGE = YES_ERROR;
				CLANG_WARN_DOCUMENTATION_COMMENTS = YES;
				CLANG_WARN_EMPTY_BODY = YES;
				CLANG_WARN_ENUM_CONVERSION = YES;
				CLANG_WARN_INFINITE_RECURSION = YES;
				CLANG_WARN_INT_CONVERSION = YES;
				CLANG_WARN_NON_LITERAL_NULL_CONVERSION = YES;
				CLANG_WARN_OBJC_IMPLICIT_RETAIN_SELF = YES;
				CLANG_WARN_OBJC_LITERAL_CONVERSION = YES;
				CLANG_WARN_OBJC_ROOT_CLASS = YES_ERROR;
				CLANG_WARN_RANGE_LOOP_ANALYSIS = YES;
				CLANG_WARN_STRICT_PROTOTYPES = YES;
				CLANG_WARN_SUSPICIOUS_MOVE = YES;
				CLANG_WARN_UNGUARDED_AVAILABILITY = YES_AGGRESSIVE;
				CLANG_WARN_UNREACHABLE_CODE = YES;
				CLANG_WARN__DUPLICATE_METHOD_MATCH = YES;
				COPY_PHASE_STRIP = NO;
				DEBUG_INFORMATION_FORMAT = "dwarf-with-dsym";
				ENABLE_NS_ASSERTIONS = NO;
				ENABLE_STRICT_OBJC_MSGSEND = YES;
				GCC_C_LANGUAGE_STANDARD = gnu11;
				GCC_NO_COMMON_BLOCKS = YES;
				GCC_WARN_64_TO_32_BIT_CONVERSION = YES;
				GCC_WARN_ABOUT_RETURN_TYPE = YES_ERROR;
				GCC_WARN_UNDECLARED_SELECTOR = YES;
				GCC_WARN_UNINITIALIZED_AUTOS = YES_AGGRESSIVE;
				GCC_WARN_UNUSED_FUNCTION = YES;
				GCC_WARN_UNUSED_VARIABLE = YES;
				IPHONEOS_DEPLOYMENT_TARGET = 13.4;
				MTL_ENABLE_DEBUG_INFO = NO;
				MTL_FAST_MATH = YES;
				SDKROOT = iphoneos;
				SWIFT_COMPILATION_MODE = wholemodule;
				SWIFT_OPTIMIZATION_LEVEL = "-O";
				VALIDATE_PRODUCT = YES;
			};
			name = Release;
		};
		345F14F42457380A003EE819 /* Debug */ = {
			isa = XCBuildConfiguration;
			baseConfigurationReference = B92244740DB141A2DB6E5D60 /* Pods-Scar.debug.xcconfig */;
			buildSettings = {
				ASSETCATALOG_COMPILER_APPICON_NAME = AppIcon;
				CODE_SIGN_ENTITLEMENTS = Scar/Scar.entitlements;
				CODE_SIGN_STYLE = Automatic;
				CURRENT_PROJECT_VERSION = 4;
				DEVELOPMENT_TEAM = RL6WJW484U;
				INFOPLIST_FILE = Scar/Info.plist;
				IPHONEOS_DEPLOYMENT_TARGET = 13.1;
				LD_RUNPATH_SEARCH_PATHS = (
					"$(inherited)",
					"@executable_path/Frameworks",
				);
				MARKETING_VERSION = 1.1;
				PRODUCT_BUNDLE_IDENTIFIER = com.coders.uragans.Scar;
				PRODUCT_NAME = Skinsugi;
				SWIFT_VERSION = 5.0;
				TARGETED_DEVICE_FAMILY = 1;
			};
			name = Debug;
		};
		345F14F52457380A003EE819 /* Release */ = {
			isa = XCBuildConfiguration;
			baseConfigurationReference = 001AF5F9EE058CBD1BA893F4 /* Pods-Scar.release.xcconfig */;
			buildSettings = {
				ASSETCATALOG_COMPILER_APPICON_NAME = AppIcon;
				CODE_SIGN_ENTITLEMENTS = Scar/Scar.entitlements;
				CODE_SIGN_STYLE = Automatic;
				CURRENT_PROJECT_VERSION = 4;
				DEVELOPMENT_TEAM = RL6WJW484U;
				INFOPLIST_FILE = Scar/Info.plist;
				IPHONEOS_DEPLOYMENT_TARGET = 13.1;
				LD_RUNPATH_SEARCH_PATHS = (
					"$(inherited)",
					"@executable_path/Frameworks",
				);
				MARKETING_VERSION = 1.1;
				PRODUCT_BUNDLE_IDENTIFIER = com.coders.uragans.Scar;
				PRODUCT_NAME = Skinsugi;
				SWIFT_VERSION = 5.0;
				TARGETED_DEVICE_FAMILY = 1;
			};
			name = Release;
		};
		345F14F72457380A003EE819 /* Debug */ = {
			isa = XCBuildConfiguration;
			buildSettings = {
				ALWAYS_EMBED_SWIFT_STANDARD_LIBRARIES = YES;
				BUNDLE_LOADER = "$(TEST_HOST)";
				CODE_SIGN_STYLE = Automatic;
				DEVELOPMENT_TEAM = RL6WJW484U;
				INFOPLIST_FILE = ScarTests/Info.plist;
				IPHONEOS_DEPLOYMENT_TARGET = 13.4;
				LD_RUNPATH_SEARCH_PATHS = (
					"$(inherited)",
					"@executable_path/Frameworks",
					"@loader_path/Frameworks",
				);
				PRODUCT_BUNDLE_IDENTIFIER = com.app.ScarTests;
				PRODUCT_NAME = "$(TARGET_NAME)";
				SWIFT_VERSION = 5.0;
				TARGETED_DEVICE_FAMILY = "1,2";
				TEST_HOST = "$(BUILT_PRODUCTS_DIR)/Scar.app/Scar";
			};
			name = Debug;
		};
		345F14F82457380A003EE819 /* Release */ = {
			isa = XCBuildConfiguration;
			buildSettings = {
				ALWAYS_EMBED_SWIFT_STANDARD_LIBRARIES = YES;
				BUNDLE_LOADER = "$(TEST_HOST)";
				CODE_SIGN_STYLE = Automatic;
				DEVELOPMENT_TEAM = RL6WJW484U;
				INFOPLIST_FILE = ScarTests/Info.plist;
				IPHONEOS_DEPLOYMENT_TARGET = 13.4;
				LD_RUNPATH_SEARCH_PATHS = (
					"$(inherited)",
					"@executable_path/Frameworks",
					"@loader_path/Frameworks",
				);
				PRODUCT_BUNDLE_IDENTIFIER = com.app.ScarTests;
				PRODUCT_NAME = "$(TARGET_NAME)";
				SWIFT_VERSION = 5.0;
				TARGETED_DEVICE_FAMILY = "1,2";
				TEST_HOST = "$(BUILT_PRODUCTS_DIR)/Scar.app/Scar";
			};
			name = Release;
		};
		345F14FA2457380A003EE819 /* Debug */ = {
			isa = XCBuildConfiguration;
			buildSettings = {
				ALWAYS_EMBED_SWIFT_STANDARD_LIBRARIES = YES;
				CODE_SIGN_STYLE = Automatic;
				DEVELOPMENT_TEAM = RL6WJW484U;
				INFOPLIST_FILE = ScarUITests/Info.plist;
				LD_RUNPATH_SEARCH_PATHS = (
					"$(inherited)",
					"@executable_path/Frameworks",
					"@loader_path/Frameworks",
				);
				PRODUCT_BUNDLE_IDENTIFIER = com.app.ScarUITests;
				PRODUCT_NAME = "$(TARGET_NAME)";
				SWIFT_VERSION = 5.0;
				TARGETED_DEVICE_FAMILY = "1,2";
				TEST_TARGET_NAME = Scar;
			};
			name = Debug;
		};
		345F14FB2457380A003EE819 /* Release */ = {
			isa = XCBuildConfiguration;
			buildSettings = {
				ALWAYS_EMBED_SWIFT_STANDARD_LIBRARIES = YES;
				CODE_SIGN_STYLE = Automatic;
				DEVELOPMENT_TEAM = RL6WJW484U;
				INFOPLIST_FILE = ScarUITests/Info.plist;
				LD_RUNPATH_SEARCH_PATHS = (
					"$(inherited)",
					"@executable_path/Frameworks",
					"@loader_path/Frameworks",
				);
				PRODUCT_BUNDLE_IDENTIFIER = com.app.ScarUITests;
				PRODUCT_NAME = "$(TARGET_NAME)";
				SWIFT_VERSION = 5.0;
				TARGETED_DEVICE_FAMILY = "1,2";
				TEST_TARGET_NAME = Scar;
			};
			name = Release;
		};
/* End XCBuildConfiguration section */

/* Begin XCConfigurationList section */
		345F14C424573808003EE819 /* Build configuration list for PBXProject "Scar" */ = {
			isa = XCConfigurationList;
			buildConfigurations = (
				345F14F12457380A003EE819 /* Debug */,
				345F14F22457380A003EE819 /* Release */,
			);
			defaultConfigurationIsVisible = 0;
			defaultConfigurationName = Release;
		};
		345F14F32457380A003EE819 /* Build configuration list for PBXNativeTarget "Scar" */ = {
			isa = XCConfigurationList;
			buildConfigurations = (
				345F14F42457380A003EE819 /* Debug */,
				345F14F52457380A003EE819 /* Release */,
			);
			defaultConfigurationIsVisible = 0;
			defaultConfigurationName = Release;
		};
		345F14F62457380A003EE819 /* Build configuration list for PBXNativeTarget "ScarTests" */ = {
			isa = XCConfigurationList;
			buildConfigurations = (
				345F14F72457380A003EE819 /* Debug */,
				345F14F82457380A003EE819 /* Release */,
			);
			defaultConfigurationIsVisible = 0;
			defaultConfigurationName = Release;
		};
		345F14F92457380A003EE819 /* Build configuration list for PBXNativeTarget "ScarUITests" */ = {
			isa = XCConfigurationList;
			buildConfigurations = (
				345F14FA2457380A003EE819 /* Debug */,
				345F14FB2457380A003EE819 /* Release */,
			);
			defaultConfigurationIsVisible = 0;
			defaultConfigurationName = Release;
		};
/* End XCConfigurationList section */
	};
	rootObject = 345F14C124573808003EE819 /* Project object */;
}
