PODS:
  - Alamofire (4.7.1)
  - ObjectMapper (3.4.1)
  - PKHUD (4.2.3)
  - RxCocoa (4.5.0):
    - RxSwift (>= 4.4.2, ~> 4.4)
  - RxSwift (4.5.0)
  - SDWebImage (5.0.0):
    - SDWebImage/Core (= 5.0.0)
  - SDWebImage/Core (5.0.0)
  - ViewAnimator (2.7.0)

DEPENDENCIES:
  - Alamofire (= 4.7.1)
  - ObjectMapper (= 3.4.1)
  - PKHUD (from `https://github.com/pkluz/PKHUD.git`, branch `release/swift4`)
  - RxCocoa (~> 4.0)
  - RxSwift (~> 4.0)
  - SDWebImage (= 5.0)
  - ViewAnimator

SPEC REPOS:
  trunk:
    - Alamofire
    - ObjectMapper
    - RxCocoa
    - RxSwift
    - SDWebImage
    - ViewAnimator

EXTERNAL SOURCES:
  PKHUD:
    :branch: release/swift4
    :git: https://github.com/pkluz/PKHUD.git

CHECKOUT OPTIONS:
  PKHUD:
    :commit: 4d8fbf70ae912dd72280cde0a5c1440ada9a7306
    :git: https://github.com/pkluz/PKHUD.git

SPEC CHECKSUMS:
  Alamofire: 68d7d521118d49c615a8d2214d87cdf525599d30
  ObjectMapper: 5311bd50ca732930959e7ca1a2de43ab823a5ced
  PKHUD: 351011b853e6b942e7ee8ad335864cc84c787241
  RxCocoa: cbf70265dc65a981d4ac982e513c10cf23df24a0
  RxSwift: f172070dfd1a93d70a9ab97a5a01166206e1c575
  SDWebImage: 5de80a0302de9e377e62f47d2fa1304efff0e55f
  ViewAnimator: 5af1c6f3b310f012bf081259c43717aa54fbae73

PODFILE CHECKSUM: 40ee7d8e75bd183cb28ccf3caf559dd02149cbd7

COCOAPODS: 1.9.1
